{
  "version": 4,
  "terraform_version": "1.1.0",
  "serial": 393,
  "lineage": "79fc5fcb-3357-61ff-d317-8b184b603bd3",
  "outputs": {},
  "resources": [
    {
      "mode": "data",
      "type": "aws_ami",
      "name": "ecs",
      "provider": "provider[\"registry.terraform.io/hashicorp/aws\"]",
      "instances": [
        {
          "schema_version": 0,
          "attributes": {
            "architecture": "x86_64",
            "arn": "arn:aws:ec2:ap-south-1::image/ami-0f49b54df17409f00",
            "block_device_mappings": [
              {
                "device_name": "/dev/xvda",
                "ebs": {
                  "delete_on_termination": "true",
                  "encrypted": "false",
                  "iops": "0",
                  "snapshot_id": "snap-0b3084e2f443b2934",
                  "throughput": "0",
                  "volume_size": "30",
                  "volume_type": "gp2"
                },
                "no_device": "",
                "virtual_name": ""
              }
            ],
            "creation_date": "2021-12-09T19:29:24.000Z",
            "description": "Amazon Linux AMI 2.0.20211209 x86_64 ECS HVM GP2",
            "ena_support": true,
            "executable_users": null,
            "filter": [
              {
                "name": "name",
                "values": [
                  "amzn2-ami-ecs-*"
                ]
              },
              {
                "name": "virtualization-type",
                "values": [
                  "hvm"
                ]
              }
            ],
            "hypervisor": "xen",
            "id": "ami-0f49b54df17409f00",
            "image_id": "ami-0f49b54df17409f00",
            "image_location": "amazon/amzn2-ami-ecs-gpu-hvm-2.0.20211209-x86_64-ebs",
            "image_owner_alias": "amazon",
            "image_type": "machine",
            "kernel_id": null,
            "most_recent": true,
            "name": "amzn2-ami-ecs-gpu-hvm-2.0.20211209-x86_64-ebs",
            "name_regex": null,
            "owner_id": "591542846629",
            "owners": [
              "amazon"
            ],
            "platform": null,
            "platform_details": "Linux/UNIX",
            "product_codes": [],
            "public": true,
            "ramdisk_id": null,
            "root_device_name": "/dev/xvda",
            "root_device_type": "ebs",
            "root_snapshot_id": "snap-0b3084e2f443b2934",
            "sriov_net_support": "simple",
            "state": "available",
            "state_reason": {
              "code": "UNSET",
              "message": "UNSET"
            },
            "tags": {},
            "usage_operation": "RunInstances",
            "virtualization_type": "hvm"
          },
          "sensitive_attributes": []
        }
      ]
    },
    {
      "mode": "data",
      "type": "aws_iam_policy_document",
      "name": "ecs_instance_assume_role_policy",
      "provider": "provider[\"registry.terraform.io/hashicorp/aws\"]",
      "instances": [
        {
          "schema_version": 0,
          "attributes": {
            "id": "1903849331",
            "json": "{\n  \"Version\": \"2012-10-17\",\n  \"Statement\": [\n    {\n      \"Sid\": \"\",\n      \"Effect\": \"Allow\",\n      \"Action\": \"sts:AssumeRole\",\n      \"Principal\": {\n        \"Service\": \"ec2.amazonaws.com\"\n      }\n    }\n  ]\n}",
            "override_json": null,
            "override_policy_documents": null,
            "policy_id": null,
            "source_json": null,
            "source_policy_documents": null,
            "statement": [
              {
                "actions": [
                  "sts:AssumeRole"
                ],
                "condition": [],
                "effect": "Allow",
                "not_actions": [],
                "not_principals": [],
                "not_resources": [],
                "principals": [
                  {
                    "identifiers": [
                      "ec2.amazonaws.com"
                    ],
                    "type": "Service"
                  }
                ],
                "resources": [],
                "sid": ""
              }
            ],
            "version": "2012-10-17"
          },
          "sensitive_attributes": []
        }
      ]
    },
    {
      "mode": "managed",
      "type": "aws_autoscaling_group",
      "name": "ecs-cluster",
      "provider": "provider[\"registry.terraform.io/hashicorp/aws\"]",
      "instances": [
        {
          "schema_version": 0,
          "attributes": {
            "arn": "arn:aws:autoscaling:ap-south-1:187926495729:autoScalingGroup:217b3855-c3fd-4c3f-a3b3-d7e0eb25e7cf:autoScalingGroupName/testnet-cluster-auto-scaling-group",
            "availability_zones": [
              "ap-south-1a",
              "ap-south-1b",
              "ap-south-1c"
            ],
            "capacity_rebalance": false,
            "default_cooldown": 300,
            "desired_capacity": 3,
            "enabled_metrics": null,
            "force_delete": false,
            "force_delete_warm_pool": false,
            "health_check_grace_period": 300,
            "health_check_type": "EC2",
            "id": "testnet-cluster-auto-scaling-group",
            "initial_lifecycle_hook": [],
            "instance_refresh": [],
            "launch_configuration": "testnet-cluster",
            "launch_template": [],
            "load_balancers": null,
            "max_instance_lifetime": 0,
            "max_size": 3,
            "metrics_granularity": "1Minute",
            "min_elb_capacity": null,
            "min_size": 3,
            "mixed_instances_policy": [],
            "name": "testnet-cluster-auto-scaling-group",
            "name_prefix": "",
            "placement_group": "",
            "protect_from_scale_in": false,
            "service_linked_role_arn": "arn:aws:iam::187926495729:role/aws-service-role/autoscaling.amazonaws.com/AWSServiceRoleForAutoScaling",
            "suspended_processes": null,
            "tag": [],
            "tags": null,
            "target_group_arns": null,
            "termination_policies": null,
            "timeouts": null,
            "vpc_zone_identifier": [],
            "wait_for_capacity_timeout": "10m",
            "wait_for_elb_capacity": null,
            "warm_pool": []
          },
          "sensitive_attributes": [],
          "private": "eyJlMmJmYjczMC1lY2FhLTExZTYtOGY4OC0zNDM2M2JjN2M0YzAiOnsiZGVsZXRlIjo2MDAwMDAwMDAwMDB9fQ==",
          "dependencies": [
            "aws_iam_instance_profile.ecs_instance_profile",
            "aws_iam_role.ecs_instance_role",
            "aws_launch_configuration.ecs",
            "aws_security_group.ecs_sg",
            "data.aws_ami.ecs",
            "data.aws_iam_policy_document.ecs_instance_assume_role_policy"
          ]
        }
      ]
    },
    {
      "mode": "managed",
      "type": "aws_ecr_repository",
      "name": "one-click-cosmos-testnet-repo",
      "provider": "provider[\"registry.terraform.io/hashicorp/aws\"]",
      "instances": [
        {
          "schema_version": 0,
          "attributes": {
            "arn": "arn:aws:ecr:ap-south-1:187926495729:repository/one-click-cosmos-testnet-repo",
            "encryption_configuration": [
              {
                "encryption_type": "AES256",
                "kms_key": ""
              }
            ],
            "id": "one-click-cosmos-testnet-repo",
            "image_scanning_configuration": [
              {
                "scan_on_push": false
              }
            ],
            "image_tag_mutability": "IMMUTABLE",
            "name": "one-click-cosmos-testnet-repo",
            "registry_id": "187926495729",
            "repository_url": "187926495729.dkr.ecr.ap-south-1.amazonaws.com/one-click-cosmos-testnet-repo",
            "tags": null,
            "tags_all": {},
            "timeouts": null
          },
          "sensitive_attributes": [],
          "private": "eyJlMmJmYjczMC1lY2FhLTExZTYtOGY4OC0zNDM2M2JjN2M0YzAiOnsiZGVsZXRlIjoxMjAwMDAwMDAwMDAwfX0="
        }
      ]
    },
    {
      "mode": "managed",
      "type": "aws_ecr_repository_policy",
      "name": "one-click-cosmos-testnet-policy",
      "provider": "provider[\"registry.terraform.io/hashicorp/aws\"]",
      "instances": [
        {
          "schema_version": 0,
          "attributes": {
            "id": "one-click-cosmos-testnet-repo",
            "policy": "{\"Statement\":[{\"Action\":[\"ecr:BatchCheckLayerAvailability\",\"ecr:BatchGetImage\",\"ecr:CompleteLayerUpload\",\"ecr:GetDownloadUrlForLayer\",\"ecr:GetLifecyclePolicy\",\"ecr:InitiateLayerUpload\",\"ecr:PutImage\",\"ecr:UploadLayerPart\"],\"Effect\":\"Allow\",\"Principal\":\"*\",\"Sid\":\"adds full ecr access to the demo repository\"}],\"Version\":\"2008-10-17\"}",
            "registry_id": "187926495729",
            "repository": "one-click-cosmos-testnet-repo"
          },
          "sensitive_attributes": [],
          "private": "bnVsbA==",
          "dependencies": [
            "aws_ecr_repository.one-click-cosmos-testnet-repo"
          ]
        }
      ]
    },
    {
      "mode": "managed",
      "type": "aws_ecs_cluster",
      "name": "testnet-cluster",
      "provider": "provider[\"registry.terraform.io/hashicorp/aws\"]",
      "instances": [
        {
          "schema_version": 0,
          "attributes": {
            "arn": "arn:aws:ecs:ap-south-1:187926495729:cluster/testnet-cluster",
            "capacity_providers": null,
            "configuration": [],
            "default_capacity_provider_strategy": [],
            "id": "arn:aws:ecs:ap-south-1:187926495729:cluster/testnet-cluster",
            "name": "testnet-cluster",
            "setting": [
              {
                "name": "containerInsights",
                "value": "disabled"
              }
            ],
            "tags": null,
            "tags_all": {}
          },
          "sensitive_attributes": [],
          "private": "bnVsbA=="
        }
      ]
    },
    {
      "mode": "managed",
      "type": "aws_ecs_service",
      "name": "testnet-cluster-service",
      "provider": "provider[\"registry.terraform.io/hashicorp/aws\"]",
      "instances": [
        {
          "schema_version": 0,
          "attributes": {
            "capacity_provider_strategy": [],
            "cluster": "arn:aws:ecs:ap-south-1:187926495729:cluster/testnet-cluster",
            "deployment_circuit_breaker": [
              {
                "enable": false,
                "rollback": false
              }
            ],
            "deployment_controller": [
              {
                "type": "ECS"
              }
            ],
            "deployment_maximum_percent": 200,
            "deployment_minimum_healthy_percent": 0,
            "desired_count": 3,
            "enable_ecs_managed_tags": false,
            "enable_execute_command": false,
            "force_new_deployment": null,
            "health_check_grace_period_seconds": 0,
            "iam_role": null,
            "id": "arn:aws:ecs:ap-south-1:187926495729:service/testnet-cluster/testnet-app",
            "launch_type": "EC2",
            "load_balancer": [],
            "name": "testnet-app",
            "network_configuration": [],
            "ordered_placement_strategy": [],
            "placement_constraints": [],
            "platform_version": "",
            "propagate_tags": "NONE",
            "scheduling_strategy": "REPLICA",
            "service_registries": [],
            "tags": null,
            "tags_all": {},
            "task_definition": "arn:aws:ecs:ap-south-1:187926495729:task-definition/testnet-ecs-task-definition:23",
            "timeouts": null,
            "wait_for_steady_state": false
          },
          "sensitive_attributes": [],
          "private": "eyJlMmJmYjczMC1lY2FhLTExZTYtOGY4OC0zNDM2M2JjN2M0YzAiOnsiZGVsZXRlIjoxMjAwMDAwMDAwMDAwfX0=",
          "dependencies": [
            "aws_ecr_repository.one-click-cosmos-testnet-repo",
            "aws_ecs_cluster.testnet-cluster",
            "aws_ecs_task_definition.testnet-ecs-task-definition"
          ]
        }
      ]
    },
    {
      "mode": "managed",
      "type": "aws_ecs_task_definition",
      "name": "testnet-ecs-task-definition",
      "provider": "provider[\"registry.terraform.io/hashicorp/aws\"]",
      "instances": [
        {
          "schema_version": 1,
          "attributes": {
            "arn": "arn:aws:ecs:ap-south-1:187926495729:task-definition/testnet-ecs-task-definition:23",
            "container_definitions": "[{\"cpu\":128,\"environment\":[],\"essential\":true,\"image\":\"187926495729.dkr.ecr.ap-south-1.amazonaws.com/one-click-cosmos-testnet-repo\",\"memory\":128,\"mountPoints\":[],\"name\":\"testnet-container\",\"portMappings\":[],\"volumesFrom\":[]}]",
            "cpu": "",
            "ephemeral_storage": [],
            "execution_role_arn": "",
            "family": "testnet-ecs-task-definition",
            "id": "testnet-ecs-task-definition",
            "inference_accelerator": [],
            "ipc_mode": "",
            "memory": "500",
            "network_mode": "host",
            "pid_mode": "",
            "placement_constraints": [],
            "proxy_configuration": [],
            "requires_compatibilities": [
              "EC2"
            ],
            "revision": 23,
            "runtime_platform": [],
            "tags": null,
            "tags_all": {},
            "task_role_arn": "",
            "volume": [
              {
                "docker_volume_configuration": [],
                "efs_volume_configuration": [],
                "fsx_windows_file_server_volume_configuration": [],
                "host_path": "/validator-config",
                "name": "validator-config-volume"
              }
            ]
          },
          "sensitive_attributes": [],
          "private": "eyJzY2hlbWFfdmVyc2lvbiI6IjEifQ==",
          "dependencies": [
            "aws_ecr_repository.one-click-cosmos-testnet-repo"
          ]
        }
      ]
    },
    {
      "mode": "managed",
      "type": "aws_iam_instance_profile",
      "name": "ecs_instance_profile",
      "provider": "provider[\"registry.terraform.io/hashicorp/aws\"]",
      "instances": [
        {
          "schema_version": 0,
          "attributes": {
            "arn": "arn:aws:iam::187926495729:instance-profile/ecsInstanceRole-testnet",
            "create_date": "2022-01-11T08:09:40Z",
            "id": "ecsInstanceRole-testnet",
            "name": "ecsInstanceRole-testnet",
            "name_prefix": null,
            "path": "/",
            "role": "ecs-instance-role-testnet",
            "tags": null,
            "tags_all": {},
            "unique_id": "AIPASXQKKYHY37M7CINBU"
          },
          "sensitive_attributes": [],
          "private": "bnVsbA==",
          "dependencies": [
            "aws_iam_role.ecs_instance_role",
            "data.aws_iam_policy_document.ecs_instance_assume_role_policy"
          ]
        }
      ]
    },
    {
      "mode": "managed",
      "type": "aws_iam_role",
      "name": "ecs_instance_role",
      "provider": "provider[\"registry.terraform.io/hashicorp/aws\"]",
      "instances": [
        {
          "schema_version": 0,
          "attributes": {
            "arn": "arn:aws:iam::187926495729:role/ecs-instance-role-testnet",
            "assume_role_policy": "{\"Version\":\"2012-10-17\",\"Statement\":[{\"Sid\":\"\",\"Effect\":\"Allow\",\"Principal\":{\"Service\":\"ec2.amazonaws.com\"},\"Action\":\"sts:AssumeRole\"}]}",
            "create_date": "2022-01-11T08:09:34Z",
            "description": "",
            "force_detach_policies": false,
            "id": "ecs-instance-role-testnet",
            "inline_policy": [
              {
                "name": "",
                "policy": ""
              }
            ],
            "managed_policy_arns": [],
            "max_session_duration": 3600,
            "name": "ecs-instance-role-testnet",
            "name_prefix": "",
            "path": "/",
            "permissions_boundary": null,
            "tags": null,
            "tags_all": {},
            "unique_id": "AROASXQKKYHY6BFWBXE7F"
          },
          "sensitive_attributes": [],
          "private": "bnVsbA==",
          "dependencies": [
            "data.aws_iam_policy_document.ecs_instance_assume_role_policy"
          ]
        }
      ]
    },
    {
      "mode": "managed",
      "type": "aws_iam_role_policy_attachment",
      "name": "ecs_instance_role_policy",
      "provider": "provider[\"registry.terraform.io/hashicorp/aws\"]",
      "instances": [
        {
          "schema_version": 0,
          "attributes": {
            "id": "ecs-instance-role-testnet-20220111080940606800000002",
            "policy_arn": "arn:aws:iam::aws:policy/service-role/AmazonEC2ContainerServiceforEC2Role",
            "role": "ecs-instance-role-testnet"
          },
          "sensitive_attributes": [],
          "private": "bnVsbA==",
          "dependencies": [
            "aws_iam_role.ecs_instance_role",
            "data.aws_iam_policy_document.ecs_instance_assume_role_policy"
          ]
        }
      ]
    },
    {
      "mode": "managed",
      "type": "aws_key_pair",
      "name": "generated_key",
      "provider": "provider[\"registry.terraform.io/hashicorp/aws\"]",
      "instances": [
        {
          "status": "tainted",
          "schema_version": 1,
          "attributes": {
            "arn": "arn:aws:ec2:ap-south-1:187926495729:key-pair/validator_key",
            "fingerprint": "f6:9e:33:e8:0e:07:21:25:93:fb:e5:ed:5e:78:c6:af",
            "id": "validator_key",
            "key_name": "validator_key",
            "key_name_prefix": "",
            "key_pair_id": "key-0f981510fab16c6e4",
            "public_key": "ssh-rsa AAAAB3NzaC1yc2EAAAADAQABAAACAQDNObHUy7aTN/Qfms3ZOdEAR6ThUSy6XGQMntNzA2RnWs1nKJZPdrjc55imDblz/UM1yEW8x1DMx+dnQILwRaIieb6tWWt8oKJ6rmYJb2OOBMIWs4sPasYDgHJAY8KwiZFP5olQl5QtVVXphfFRAwXb8xHauoxXTOeIRN73qSHaEKf2YkRQXVkcGWfMzPz+lw5b7aCnIzxLhjk81r/1jKlsYRrVjYwDYaPe9WfJKYLGcM7PGXqr1wAu7VYflTwZkn/1u3VInoKii8URFtfZyq2SS7L4TKNPOwTqiLCrtgzHsxQW8CtaSZR0cOL31o1IZxW8EeiQY4Zyz3FL4dXJr6NwqhIC6PXXVJFwSKsmoEkosifRkbxXzS3TsogTDVkLqKTAySK6fhJibUqlF+vC7c9yaq98R1A8TramMVhqxwiMR27FQFURQz/DSZ+Bf2pBbSHnemL+HQjG5q3w84ZfX9Wq+deWnVD7l9qSbIW4MqrnQFiIPRenZDCtnoEcEKlePZ/3Sr+AhIsAjs6Uitl7HiN4ksWKkGKGqMBJdqqbO8gk6mfQoKC1yw4HBQ/qDqZ67kov6IGcvYuf7DwetKFMQ3EFW2+J/ZMyrg2DG9Nzh9qxcuyiXLzPcKTKtsLEr5wba0OKpFFXfUJqMz5yxM6UAuq+LxG2exknEVoXeTrnPYZHFw==",
            "tags": null,
            "tags_all": {}
          },
          "sensitive_attributes": [],
          "private": "eyJzY2hlbWFfdmVyc2lvbiI6IjEifQ==",
          "dependencies": [
            "tls_private_key.validator_private_key"
          ]
        }
      ]
    },
    {
      "mode": "managed",
      "type": "aws_launch_configuration",
      "name": "ecs",
      "provider": "provider[\"registry.terraform.io/hashicorp/aws\"]",
      "instances": [
        {
          "schema_version": 0,
          "attributes": {
            "arn": "arn:aws:autoscaling:ap-south-1:187926495729:launchConfiguration:f4b276c4-9c20-4ecc-baf0-e48a395de037:launchConfigurationName/testnet-cluster",
            "associate_public_ip_address": true,
            "ebs_block_device": [],
            "ebs_optimized": false,
            "enable_monitoring": true,
            "ephemeral_block_device": [],
            "iam_instance_profile": "ecsInstanceRole-testnet",
            "id": "testnet-cluster",
            "image_id": "ami-0f49b54df17409f00",
            "instance_type": "t2.micro",
            "key_name": "validator_key",
            "metadata_options": [],
            "name": "testnet-cluster",
            "name_prefix": "",
            "placement_tenancy": null,
            "root_block_device": [],
            "security_groups": [
              "sg-0c393f20fcb335abd"
            ],
            "spot_price": "",
            "user_data": "6a3da85c647096c996c982a8fdc3461dc0a78302",
            "user_data_base64": null,
            "vpc_classic_link_id": "",
            "vpc_classic_link_security_groups": null
          },
          "sensitive_attributes": [],
          "private": "bnVsbA==",
          "dependencies": [
            "aws_iam_instance_profile.ecs_instance_profile",
            "aws_iam_role.ecs_instance_role",
            "aws_security_group.ecs_sg",
            "data.aws_ami.ecs",
            "data.aws_iam_policy_document.ecs_instance_assume_role_policy"
          ]
        }
      ]
    },
    {
      "mode": "managed",
      "type": "aws_security_group",
      "name": "ecs_sg",
      "provider": "provider[\"registry.terraform.io/hashicorp/aws\"]",
      "instances": [
        {
          "schema_version": 1,
          "attributes": {
            "arn": "arn:aws:ec2:ap-south-1:187926495729:security-group/sg-0c393f20fcb335abd",
            "description": "Managed by Terraform",
            "egress": [
              {
                "cidr_blocks": [
                  "0.0.0.0/0"
                ],
                "description": "",
                "from_port": 0,
                "ipv6_cidr_blocks": [],
                "prefix_list_ids": [],
                "protocol": "tcp",
                "security_groups": [],
                "self": false,
                "to_port": 65535
              }
            ],
            "id": "sg-0c393f20fcb335abd",
            "ingress": [
              {
                "cidr_blocks": [
                  "0.0.0.0/0"
                ],
                "description": "",
                "from_port": 22,
                "ipv6_cidr_blocks": [],
                "prefix_list_ids": [],
                "protocol": "tcp",
                "security_groups": [],
                "self": false,
                "to_port": 22
              },
              {
                "cidr_blocks": [
                  "0.0.0.0/0"
                ],
                "description": "",
                "from_port": 26656,
                "ipv6_cidr_blocks": [],
                "prefix_list_ids": [],
                "protocol": "tcp",
                "security_groups": [],
                "self": false,
                "to_port": 26656
              },
              {
                "cidr_blocks": [
                  "0.0.0.0/0"
                ],
                "description": "",
                "from_port": 443,
                "ipv6_cidr_blocks": [],
                "prefix_list_ids": [],
                "protocol": "tcp",
                "security_groups": [],
                "self": false,
                "to_port": 443
              }
            ],
            "name": "terraform-20220111080932460100000001",
            "name_prefix": "terraform-",
            "owner_id": "187926495729",
            "revoke_rules_on_delete": false,
            "tags": null,
            "tags_all": {},
            "timeouts": null,
            "vpc_id": "vpc-078fcbb7ad0d5e9f5"
          },
          "sensitive_attributes": [],
          "private": "eyJlMmJmYjczMC1lY2FhLTExZTYtOGY4OC0zNDM2M2JjN2M0YzAiOnsiY3JlYXRlIjo2MDAwMDAwMDAwMDAsImRlbGV0ZSI6OTAwMDAwMDAwMDAwfSwic2NoZW1hX3ZlcnNpb24iOiIxIn0="
        }
      ]
    },
    {
      "mode": "managed",
      "type": "aws_vpc",
      "name": "vpc",
      "provider": "provider[\"registry.terraform.io/hashicorp/aws\"]",
      "instances": [
        {
          "schema_version": 1,
          "attributes": {
            "arn": "arn:aws:ec2:ap-south-1:187926495729:vpc/vpc-0425eb248b17cc7a1",
            "assign_generated_ipv6_cidr_block": false,
            "cidr_block": "10.0.0.0/16",
            "default_network_acl_id": "acl-0f8bcf95ca0bf24a6",
            "default_route_table_id": "rtb-07654f59d504fd4fc",
            "default_security_group_id": "sg-0fc6a5308b2d3f122",
            "dhcp_options_id": "dopt-0f56b23c66a682e7e",
            "enable_classiclink": null,
            "enable_classiclink_dns_support": null,
            "enable_dns_hostnames": true,
            "enable_dns_support": true,
            "id": "vpc-0425eb248b17cc7a1",
            "instance_tenancy": "default",
            "ipv4_ipam_pool_id": null,
            "ipv4_netmask_length": null,
            "ipv6_association_id": "",
            "ipv6_cidr_block": "",
            "ipv6_ipam_pool_id": null,
            "ipv6_netmask_length": null,
            "main_route_table_id": "rtb-07654f59d504fd4fc",
            "owner_id": "187926495729",
            "tags": {
              "Name": "Terraform VPC"
            },
            "tags_all": {
              "Name": "Terraform VPC"
            }
          },
          "sensitive_attributes": [],
          "private": "eyJzY2hlbWFfdmVyc2lvbiI6IjEifQ=="
        }
      ]
    },
    {
      "mode": "managed",
      "type": "tls_private_key",
      "name": "validator_private_key",
      "provider": "provider[\"registry.terraform.io/hashicorp/tls\"]",
      "instances": [
        {
          "schema_version": 0,
          "attributes": {
            "algorithm": "RSA",
            "ecdsa_curve": "P224",
            "id": "96b809f8c2c33e1ea11cd4dd004ee74cea7b0d3a",
            "private_key_pem": "-----BEGIN RSA PRIVATE KEY-----\nMIIJKwIBAAKCAgEAzTmx1Mu2kzf0H5rN2TnRAEek4VEsulxkDJ7TcwNkZ1rNZyiW\nT3a43OeYpg25c/1DNchFvMdQzMfnZ0CC8EWiInm+rVlrfKCieq5mCW9jjgTCFrOL\nD2rGA4ByQGPCsImRT+aJUJeULVVV6YXxUQMF2/MR2rqMV0zniETe96kh2hCn9mJE\nUF1ZHBlnzMz8/pcOW+2gpyM8S4Y5PNa/9YypbGEa1Y2MA2Gj3vVnySmCxnDOzxl6\nq9cALu1WH5U8GZJ/9bt1SJ6CoovFERbX2cqtkkuy+EyjTzsE6oiwq7YMx7MUFvAr\nWkmUdHDi99aNSGcVvBHokGOGcs9xS+HVya+jcKoSAuj111SRcEirJqBJKLIn0ZG8\nV80t07KIEw1ZC6ikwMkiun4SYm1KpRfrwu3PcmqvfEdQPE62pjFYascIjEduxUBV\nEUM/w0mfgX9qQW0h53pi/h0Ixuat8POGX1/VqvnXlp1Q+5fakmyFuDKq50BYiD0X\np2QwrZ6BHBCpXj2f90q/gISLAI7OlIrZex4jeJLFipBihqjASXaqmzvIJOpn0KCg\ntcsOBwUP6g6meu5KL+iBnL2Ln+w8HrShTENxBVtvif2TMq4NgxvTc4fasXLsoly8\nz3CkyrbCxK+cG2tDiqRRV31CajM+csTOlALqvi8RtnsZJxFaF3k65z2GRxcCAwEA\nAQKCAgEAwdblxdVoLGNkPNnN5oh6hSYmcP9oHNoZUeZOWEry8cBNVEt8ta+wak6B\n2w4JhanIaqswW19zTQjf46GGS4Wp36BYXomgQcXD0daZ3/2K7eBGpoSNK1GxmCsh\nPvo7MN2vF+Xq+ulA9xSsIfb2eIs/ZIGQ8qTS275yzj4mz4u7wqmKy+gDGFkjSqwg\nY8uWhq2MzX2ECXn5gGhV9cXs5/QlLo4Fd4HLpoH58ySeE94WfHKek/Q/7sETlj9r\n4kblzk2WeTbHT4EQaJFV4I9P75FFInJHp8lTUwmu2guju3wnVBQsPII6oHvxMY5S\ngr7vEVz0pX/Qx1iJ7DVNkNvNP0ObPaUDFvaOrOESg9gEnoc7D/Fgr50/XA+zwy56\n08qWsOobrBP0DQ4bDpy/u4AHPp1PXmMNDIYK0hb+XI69WWk1aB4LI72CgnoZQpmT\n0CaAtlup2ukG6G2z4VeDIXPX6dKIUkNaXXmKPTE3E/bqa6kbX+yKC7JSfpcFdC4s\ngmaU42LwYDGk1ZUeURIWbzDrX64y2NJ/du9PxZlT9O4BkL5QITjdHGR5AFo9mA9k\nywqeIh44572HNHsUSNK49p1ByHJh5aaNYRjRh11bXIRRMyWgRSRPOwpIrfZaMzuB\naxHc3DTb5gAvW66QyhjGBS2giAUxdpPWfiZ6gePlgWm4sL2f1mECggEBAODw4Qv2\ntISroUfZPsmgUCoeo/33GGEyXfthMSlfiduY5Mb10ROJcCe5GyQ8P5AjX0apcopK\ni5/4zR78V9hrVleFaH9A+b9cXhde/rij4TdKJ8R5EtRrm2r3l16gcaUhpcFzrBMM\nWBEmGTOXJSf37LaRVD8KdAXfsZxTfJxyQDh6cRl/ThZlnmQM9yecTp97FKlzPNwl\nI0Qn0ktBHc9y42siujDQSNdUJXMhxkRRSX9Avc7ueghPaopknA6Vc/3NBt1SJy3f\n1wF3XoHVgdzvCtERh9iHr96ll2Es4pMnO4tVsDtqzcgTrm4MsZOiDV4a5ga7N03R\natN6Wmqoo722OucCggEBAOmP6vS1LTXLQyZ8Qzp5jdo2ZJol03LIL8sRrpci/EIK\ngZvzQ97BDkM1s7CRxWjjWUqxsYmLZysU7gOf8Xj0vXXH8oC+VdpugcYy0rEzKg+W\nVlfmKooxAqik33TXYX8O989MC8ZD1VvVd4XNtML3ZPTsoCAWSXmzzOrlV4wbDY+c\n37ujJkBB5utUgd4fdw3D4Ck5YnDpsQ4+zclXeNVHijSuq1vN6F/+PfCEWCRFDYS2\nL+6cH02a+y1eqVpmU1K0IqcceTR5px780rRx1cPm9Cs8bALasDfaDDVSGQkOeuI3\nNz32f3W/i058DTLBQ/uM/Adhdd0RHD2UJnPhr8gEvFECggEBAMFNXygHzyN/1m5G\n+9ULJji78hOqR1InlWoUIMo8Jt0Gq/tqfUx7vFz2jqN5/umf7B1uOlcrLoe/qI4r\nLlZ2D1HQ/Hb24GiZOOZ+pQkJE96OpFQL86mF+55VvMf9uwu8OZRgEgygfAHoqpmS\nFsUdIlfV1f8CvafajugXOqu65wNh/VV6+CD5HL9AARkSEuKsQ5pGxJMuevrz+Zzg\nDX0bbuG/ix+trhsVXcVtzdMhw7ZObY6pk0cW8CiTwyQpPO9rRK3nDnI2vK6u5RFP\n6HRzG+mEVig2mmUMCmXgy6jHez0G2xaEduisOSarU+LZzQEEvo4kTqdaAqJPr+me\nmG/MbRsCggEBAMkT9C31BRU5B3jMpnxjRfLFvVrQkfhRzIPBl1Pa9N5OeUMv7hCK\nmKLYSvkKprAkey1JShWmhI2cmUVZn+SIn8wU9fxM4VEKroNaIfYYnG+K+I74Q0tx\n4l4ag57uBqwC0OoRCFoK8Fb9ssbpUGRB5RLP3ROC3IMAfr0D8ZlXeRdY8W1zimzr\nz8humtgGstKQ/h2/n7aiGqKvAzACNK85xgyRDEofPZ3XHrBA4DlpkbfdueptUq3X\nbcOjqZ2AVt/u4Z6Jbvf0fCK7exOKpYThAvluLXdPm0KaYMRPB+q6IqU68D5SR22y\nGFbbielWZhbdS+V2zKgkIPIK6AgAFvvWx+ECggEBALgZXyvsm5WqtQmBI1Myzzzm\nPHRCDaPxm/cqWaeOqj2uih8xI8sGll7bYejniOZdIrhrJa+6N1rfE1iGmyitHGsf\nP0BC2yPw4KoCgr+4adnoaXUQNw8WOIwgRSlmPSYwkARi2wgX1MhKQ1Lt9V/Aan3C\nYOpQ60Y7K1Vqiz3TOo/NEXyi5p7X3hxTAnZU3OveUJKOJ4P2X21vvruyLGwurTie\noxp3Fzgs3+4KKrjH24Uc6cb6D3wirVFm4CeAmh8U8PFrU40PK9dvgaGoNmba+OY2\nf2j/SgFbcJk1T+jZ1GQfeRwGQtf+0bL2XIX2pn5MPCpwPCoSW41YnbfzSRAV30c=\n-----END RSA PRIVATE KEY-----\n",
            "public_key_fingerprint_md5": "62:2e:79:4a:f8:f7:a6:36:66:00:c4:91:7e:da:63:a9",
            "public_key_openssh": "ssh-rsa AAAAB3NzaC1yc2EAAAADAQABAAACAQDNObHUy7aTN/Qfms3ZOdEAR6ThUSy6XGQMntNzA2RnWs1nKJZPdrjc55imDblz/UM1yEW8x1DMx+dnQILwRaIieb6tWWt8oKJ6rmYJb2OOBMIWs4sPasYDgHJAY8KwiZFP5olQl5QtVVXphfFRAwXb8xHauoxXTOeIRN73qSHaEKf2YkRQXVkcGWfMzPz+lw5b7aCnIzxLhjk81r/1jKlsYRrVjYwDYaPe9WfJKYLGcM7PGXqr1wAu7VYflTwZkn/1u3VInoKii8URFtfZyq2SS7L4TKNPOwTqiLCrtgzHsxQW8CtaSZR0cOL31o1IZxW8EeiQY4Zyz3FL4dXJr6NwqhIC6PXXVJFwSKsmoEkosifRkbxXzS3TsogTDVkLqKTAySK6fhJibUqlF+vC7c9yaq98R1A8TramMVhqxwiMR27FQFURQz/DSZ+Bf2pBbSHnemL+HQjG5q3w84ZfX9Wq+deWnVD7l9qSbIW4MqrnQFiIPRenZDCtnoEcEKlePZ/3Sr+AhIsAjs6Uitl7HiN4ksWKkGKGqMBJdqqbO8gk6mfQoKC1yw4HBQ/qDqZ67kov6IGcvYuf7DwetKFMQ3EFW2+J/ZMyrg2DG9Nzh9qxcuyiXLzPcKTKtsLEr5wba0OKpFFXfUJqMz5yxM6UAuq+LxG2exknEVoXeTrnPYZHFw==\n",
            "public_key_pem": "-----BEGIN PUBLIC KEY-----\nMIICIjANBgkqhkiG9w0BAQEFAAOCAg8AMIICCgKCAgEAzTmx1Mu2kzf0H5rN2TnR\nAEek4VEsulxkDJ7TcwNkZ1rNZyiWT3a43OeYpg25c/1DNchFvMdQzMfnZ0CC8EWi\nInm+rVlrfKCieq5mCW9jjgTCFrOLD2rGA4ByQGPCsImRT+aJUJeULVVV6YXxUQMF\n2/MR2rqMV0zniETe96kh2hCn9mJEUF1ZHBlnzMz8/pcOW+2gpyM8S4Y5PNa/9Yyp\nbGEa1Y2MA2Gj3vVnySmCxnDOzxl6q9cALu1WH5U8GZJ/9bt1SJ6CoovFERbX2cqt\nkkuy+EyjTzsE6oiwq7YMx7MUFvArWkmUdHDi99aNSGcVvBHokGOGcs9xS+HVya+j\ncKoSAuj111SRcEirJqBJKLIn0ZG8V80t07KIEw1ZC6ikwMkiun4SYm1KpRfrwu3P\ncmqvfEdQPE62pjFYascIjEduxUBVEUM/w0mfgX9qQW0h53pi/h0Ixuat8POGX1/V\nqvnXlp1Q+5fakmyFuDKq50BYiD0Xp2QwrZ6BHBCpXj2f90q/gISLAI7OlIrZex4j\neJLFipBihqjASXaqmzvIJOpn0KCgtcsOBwUP6g6meu5KL+iBnL2Ln+w8HrShTENx\nBVtvif2TMq4NgxvTc4fasXLsoly8z3CkyrbCxK+cG2tDiqRRV31CajM+csTOlALq\nvi8RtnsZJxFaF3k65z2GRxcCAwEAAQ==\n-----END PUBLIC KEY-----\n",
            "rsa_bits": 4096
          },
          "sensitive_attributes": [],
          "private": "bnVsbA=="
        }
      ]
    }
  ]
}
