{
  "version": 4,
  "terraform_version": "1.1.5",
  "serial": 979,
  "lineage": "79fc5fcb-3357-61ff-d317-8b184b603bd3",
  "outputs": {},
  "resources": [
    {
      "mode": "data",
      "type": "aws_ami",
      "name": "ecs",
      "provider": "provider[\"registry.terraform.io/hashicorp/aws\"]",
      "instances": [
        {
          "schema_version": 0,
          "attributes": {
            "architecture": "x86_64",
            "arn": "arn:aws:ec2:ap-south-1::image/ami-0315e68b25d073e0c",
            "block_device_mappings": [
              {
                "device_name": "/dev/xvda",
                "ebs": {
                  "delete_on_termination": "true",
                  "encrypted": "false",
                  "iops": "0",
                  "snapshot_id": "snap-0ee6b45b582d788a5",
                  "throughput": "0",
                  "volume_size": "30",
                  "volume_type": "gp2"
                },
                "no_device": "",
                "virtual_name": ""
              }
            ],
            "creation_date": "2022-01-20T21:31:20.000Z",
            "description": "Amazon Linux AMI 2.0.20220121 x86_64 ECS HVM GP2",
            "ena_support": true,
            "executable_users": null,
            "filter": [
              {
                "name": "name",
                "values": [
                  "amzn2-ami-ecs-*"
                ]
              },
              {
                "name": "virtualization-type",
                "values": [
                  "hvm"
                ]
              }
            ],
            "hypervisor": "xen",
            "id": "ami-0315e68b25d073e0c",
            "image_id": "ami-0315e68b25d073e0c",
            "image_location": "amazon/amzn2-ami-ecs-gpu-hvm-2.0.20220121-x86_64-ebs",
            "image_owner_alias": "amazon",
            "image_type": "machine",
            "kernel_id": null,
            "most_recent": true,
            "name": "amzn2-ami-ecs-gpu-hvm-2.0.20220121-x86_64-ebs",
            "name_regex": null,
            "owner_id": "591542846629",
            "owners": [
              "amazon"
            ],
            "platform": null,
            "platform_details": "Linux/UNIX",
            "product_codes": [],
            "public": true,
            "ramdisk_id": null,
            "root_device_name": "/dev/xvda",
            "root_device_type": "ebs",
            "root_snapshot_id": "snap-0ee6b45b582d788a5",
            "sriov_net_support": "simple",
            "state": "available",
            "state_reason": {
              "code": "UNSET",
              "message": "UNSET"
            },
            "tags": {},
            "usage_operation": "RunInstances",
            "virtualization_type": "hvm"
          },
          "sensitive_attributes": []
        }
      ]
    },
    {
      "mode": "data",
      "type": "aws_iam_policy_document",
      "name": "ecs_instance_assume_role_policy",
      "provider": "provider[\"registry.terraform.io/hashicorp/aws\"]",
      "instances": [
        {
          "schema_version": 0,
          "attributes": {
            "id": "1903849331",
            "json": "{\n  \"Version\": \"2012-10-17\",\n  \"Statement\": [\n    {\n      \"Sid\": \"\",\n      \"Effect\": \"Allow\",\n      \"Action\": \"sts:AssumeRole\",\n      \"Principal\": {\n        \"Service\": \"ec2.amazonaws.com\"\n      }\n    }\n  ]\n}",
            "override_json": null,
            "override_policy_documents": null,
            "policy_id": null,
            "source_json": null,
            "source_policy_documents": null,
            "statement": [
              {
                "actions": [
                  "sts:AssumeRole"
                ],
                "condition": [],
                "effect": "Allow",
                "not_actions": [],
                "not_principals": [],
                "not_resources": [],
                "principals": [
                  {
                    "identifiers": [
                      "ec2.amazonaws.com"
                    ],
                    "type": "Service"
                  }
                ],
                "resources": [],
                "sid": ""
              }
            ],
            "version": "2012-10-17"
          },
          "sensitive_attributes": []
        }
      ]
    },
    {
      "mode": "managed",
      "type": "aws_autoscaling_group",
      "name": "ecs-cluster",
      "provider": "provider[\"registry.terraform.io/hashicorp/aws\"]",
      "instances": [
        {
          "schema_version": 0,
          "attributes": {
            "arn": "arn:aws:autoscaling:ap-south-1:187926495729:autoScalingGroup:a68f8683-e9a4-4c66-8752-f8589cfc7c1d:autoScalingGroupName/testnet-cluster-auto-scaling-group",
            "availability_zones": [
              "ap-south-1a",
              "ap-south-1b",
              "ap-south-1c"
            ],
            "capacity_rebalance": false,
            "default_cooldown": 300,
            "desired_capacity": 3,
            "enabled_metrics": null,
            "force_delete": false,
            "force_delete_warm_pool": false,
            "health_check_grace_period": 300,
            "health_check_type": "EC2",
            "id": "testnet-cluster-auto-scaling-group",
            "initial_lifecycle_hook": [],
            "instance_refresh": [],
            "launch_configuration": "testnet-cluster",
            "launch_template": [],
            "load_balancers": null,
            "max_instance_lifetime": 0,
            "max_size": 3,
            "metrics_granularity": "1Minute",
            "min_elb_capacity": null,
            "min_size": 3,
            "mixed_instances_policy": [],
            "name": "testnet-cluster-auto-scaling-group",
            "name_prefix": "",
            "placement_group": "",
            "protect_from_scale_in": false,
            "service_linked_role_arn": "arn:aws:iam::187926495729:role/aws-service-role/autoscaling.amazonaws.com/AWSServiceRoleForAutoScaling",
            "suspended_processes": null,
            "tag": [],
            "tags": null,
            "target_group_arns": null,
            "termination_policies": null,
            "timeouts": null,
            "vpc_zone_identifier": [],
            "wait_for_capacity_timeout": "10m",
            "wait_for_elb_capacity": null,
            "warm_pool": []
          },
          "sensitive_attributes": [],
          "private": "eyJlMmJmYjczMC1lY2FhLTExZTYtOGY4OC0zNDM2M2JjN2M0YzAiOnsiZGVsZXRlIjo2MDAwMDAwMDAwMDB9fQ==",
          "dependencies": [
            "aws_iam_instance_profile.ecs_instance_profile",
            "aws_iam_role.ecs_instance_role",
            "aws_launch_configuration.ecs",
            "aws_security_group.ecs_sg",
            "data.aws_ami.ecs",
            "data.aws_iam_policy_document.ecs_instance_assume_role_policy"
          ]
        }
      ]
    },
    {
      "mode": "managed",
      "type": "aws_ecr_repository",
      "name": "one-click-cosmos-testnet-repo",
      "provider": "provider[\"registry.terraform.io/hashicorp/aws\"]",
      "instances": [
        {
          "schema_version": 0,
          "attributes": {
            "arn": "arn:aws:ecr:ap-south-1:187926495729:repository/one-click-cosmos-testnet-repo",
            "encryption_configuration": [
              {
                "encryption_type": "AES256",
                "kms_key": ""
              }
            ],
            "id": "one-click-cosmos-testnet-repo",
            "image_scanning_configuration": [
              {
                "scan_on_push": false
              }
            ],
            "image_tag_mutability": "MUTABLE",
            "name": "one-click-cosmos-testnet-repo",
            "registry_id": "187926495729",
            "repository_url": "187926495729.dkr.ecr.ap-south-1.amazonaws.com/one-click-cosmos-testnet-repo",
            "tags": null,
            "tags_all": {},
            "timeouts": null
          },
          "sensitive_attributes": [],
          "private": "eyJlMmJmYjczMC1lY2FhLTExZTYtOGY4OC0zNDM2M2JjN2M0YzAiOnsiZGVsZXRlIjoxMjAwMDAwMDAwMDAwfX0="
        }
      ]
    },
    {
      "mode": "managed",
      "type": "aws_ecr_repository_policy",
      "name": "one-click-cosmos-testnet-policy",
      "provider": "provider[\"registry.terraform.io/hashicorp/aws\"]",
      "instances": [
        {
          "schema_version": 0,
          "attributes": {
            "id": "one-click-cosmos-testnet-repo",
            "policy": "{\"Statement\":[{\"Action\":[\"ecr:BatchCheckLayerAvailability\",\"ecr:BatchGetImage\",\"ecr:CompleteLayerUpload\",\"ecr:GetDownloadUrlForLayer\",\"ecr:GetLifecyclePolicy\",\"ecr:InitiateLayerUpload\",\"ecr:PutImage\",\"ecr:UploadLayerPart\"],\"Effect\":\"Allow\",\"Principal\":\"*\",\"Sid\":\"adds full ecr access to the demo repository\"}],\"Version\":\"2008-10-17\"}",
            "registry_id": "187926495729",
            "repository": "one-click-cosmos-testnet-repo"
          },
          "sensitive_attributes": [],
          "private": "bnVsbA==",
          "dependencies": [
            "aws_ecr_repository.one-click-cosmos-testnet-repo"
          ]
        }
      ]
    },
    {
      "mode": "managed",
      "type": "aws_ecs_cluster",
      "name": "testnet-cluster",
      "provider": "provider[\"registry.terraform.io/hashicorp/aws\"]",
      "instances": [
        {
          "schema_version": 0,
          "attributes": {
            "arn": "arn:aws:ecs:ap-south-1:187926495729:cluster/testnet-cluster",
            "capacity_providers": null,
            "configuration": [],
            "default_capacity_provider_strategy": [],
            "id": "arn:aws:ecs:ap-south-1:187926495729:cluster/testnet-cluster",
            "name": "testnet-cluster",
            "setting": [
              {
                "name": "containerInsights",
                "value": "disabled"
              }
            ],
            "tags": null,
            "tags_all": {}
          },
          "sensitive_attributes": [],
          "private": "bnVsbA=="
        }
      ]
    },
    {
      "mode": "managed",
      "type": "aws_ecs_service",
      "name": "testnet-cluster-service",
      "provider": "provider[\"registry.terraform.io/hashicorp/aws\"]",
      "instances": [
        {
          "schema_version": 0,
          "attributes": {
            "capacity_provider_strategy": [],
            "cluster": "arn:aws:ecs:ap-south-1:187926495729:cluster/testnet-cluster",
            "deployment_circuit_breaker": [
              {
                "enable": false,
                "rollback": false
              }
            ],
            "deployment_controller": [
              {
                "type": "ECS"
              }
            ],
            "deployment_maximum_percent": 200,
            "deployment_minimum_healthy_percent": 0,
            "desired_count": 3,
            "enable_ecs_managed_tags": false,
            "enable_execute_command": false,
            "force_new_deployment": null,
            "health_check_grace_period_seconds": 0,
            "iam_role": null,
            "id": "arn:aws:ecs:ap-south-1:187926495729:service/testnet-cluster/testnet-app",
            "launch_type": "EC2",
            "load_balancer": [],
            "name": "testnet-app",
            "network_configuration": [],
            "ordered_placement_strategy": [],
            "placement_constraints": [],
            "platform_version": "",
            "propagate_tags": "NONE",
            "scheduling_strategy": "REPLICA",
            "service_registries": [],
            "tags": null,
            "tags_all": {},
            "task_definition": "arn:aws:ecs:ap-south-1:187926495729:task-definition/testnet-ecs-task-definition:46",
            "timeouts": null,
            "wait_for_steady_state": false
          },
          "sensitive_attributes": [],
          "private": "eyJlMmJmYjczMC1lY2FhLTExZTYtOGY4OC0zNDM2M2JjN2M0YzAiOnsiZGVsZXRlIjoxMjAwMDAwMDAwMDAwfX0=",
          "dependencies": [
            "aws_ecr_repository.one-click-cosmos-testnet-repo",
            "aws_ecs_cluster.testnet-cluster",
            "aws_ecs_task_definition.testnet-ecs-task-definition"
          ]
        }
      ]
    },
    {
      "mode": "managed",
      "type": "aws_ecs_task_definition",
      "name": "testnet-ecs-task-definition",
      "provider": "provider[\"registry.terraform.io/hashicorp/aws\"]",
      "instances": [
        {
          "schema_version": 1,
          "attributes": {
            "arn": "arn:aws:ecs:ap-south-1:187926495729:task-definition/testnet-ecs-task-definition:46",
            "container_definitions": "[{\"cpu\":128,\"environment\":[],\"essential\":true,\"image\":\"187926495729.dkr.ecr.ap-south-1.amazonaws.com/one-click-cosmos-testnet-repo\",\"memory\":128,\"mountPoints\":[{\"containerPath\":\"/validator-config\",\"readOnly\":false,\"sourceVolume\":\"validator-config-volume\"}],\"name\":\"testnet-container\",\"portMappings\":[],\"volumesFrom\":[]}]",
            "cpu": "",
            "ephemeral_storage": [],
            "execution_role_arn": "",
            "family": "testnet-ecs-task-definition",
            "id": "testnet-ecs-task-definition",
            "inference_accelerator": [],
            "ipc_mode": "",
            "memory": "500",
            "network_mode": "host",
            "pid_mode": "",
            "placement_constraints": [],
            "proxy_configuration": [],
            "requires_compatibilities": [
              "EC2"
            ],
            "revision": 46,
            "runtime_platform": [],
            "skip_destroy": false,
            "tags": null,
            "tags_all": {},
            "task_role_arn": "",
            "volume": [
              {
                "docker_volume_configuration": [],
                "efs_volume_configuration": [],
                "fsx_windows_file_server_volume_configuration": [],
                "host_path": "/home/ec2-user/validator-config",
                "name": "validator-config-volume"
              }
            ]
          },
          "sensitive_attributes": [],
          "private": "eyJzY2hlbWFfdmVyc2lvbiI6IjEifQ==",
          "dependencies": [
            "aws_ecr_repository.one-click-cosmos-testnet-repo"
          ]
        }
      ]
    },
    {
      "mode": "managed",
      "type": "aws_iam_instance_profile",
      "name": "ecs_instance_profile",
      "provider": "provider[\"registry.terraform.io/hashicorp/aws\"]",
      "instances": [
        {
          "schema_version": 0,
          "attributes": {
            "arn": "arn:aws:iam::187926495729:instance-profile/ecsInstanceRole-testnet",
            "create_date": "2022-01-25T09:33:48Z",
            "id": "ecsInstanceRole-testnet",
            "name": "ecsInstanceRole-testnet",
            "name_prefix": null,
            "path": "/",
            "role": "ecs-instance-role-testnet",
            "tags": null,
            "tags_all": {},
            "unique_id": "AIPASXQKKYHYXPOGJQBAI"
          },
          "sensitive_attributes": [],
          "private": "bnVsbA==",
          "dependencies": [
            "aws_iam_role.ecs_instance_role",
            "data.aws_iam_policy_document.ecs_instance_assume_role_policy"
          ]
        }
      ]
    },
    {
      "mode": "managed",
      "type": "aws_iam_role",
      "name": "ecs_instance_role",
      "provider": "provider[\"registry.terraform.io/hashicorp/aws\"]",
      "instances": [
        {
          "schema_version": 0,
          "attributes": {
            "arn": "arn:aws:iam::187926495729:role/ecs-instance-role-testnet",
            "assume_role_policy": "{\"Version\":\"2012-10-17\",\"Statement\":[{\"Sid\":\"\",\"Effect\":\"Allow\",\"Principal\":{\"Service\":\"ec2.amazonaws.com\"},\"Action\":\"sts:AssumeRole\"}]}",
            "create_date": "2022-01-25T09:33:39Z",
            "description": "",
            "force_detach_policies": false,
            "id": "ecs-instance-role-testnet",
            "inline_policy": [
              {
                "name": "",
                "policy": ""
              }
            ],
            "managed_policy_arns": [],
            "max_session_duration": 3600,
            "name": "ecs-instance-role-testnet",
            "name_prefix": "",
            "path": "/",
            "permissions_boundary": null,
            "tags": null,
            "tags_all": {},
            "unique_id": "AROASXQKKYHY4QUJUKVQA"
          },
          "sensitive_attributes": [],
          "private": "bnVsbA==",
          "dependencies": [
            "data.aws_iam_policy_document.ecs_instance_assume_role_policy"
          ]
        }
      ]
    },
    {
      "mode": "managed",
      "type": "aws_iam_role_policy_attachment",
      "name": "ecs_instance_role_policy",
      "provider": "provider[\"registry.terraform.io/hashicorp/aws\"]",
      "instances": [
        {
          "schema_version": 0,
          "attributes": {
            "id": "ecs-instance-role-testnet-20220125093348212200000002",
            "policy_arn": "arn:aws:iam::aws:policy/service-role/AmazonEC2ContainerServiceforEC2Role",
            "role": "ecs-instance-role-testnet"
          },
          "sensitive_attributes": [],
          "private": "bnVsbA==",
          "dependencies": [
            "aws_iam_role.ecs_instance_role",
            "data.aws_iam_policy_document.ecs_instance_assume_role_policy"
          ]
        }
      ]
    },
    {
      "mode": "managed",
      "type": "aws_key_pair",
      "name": "generated_key",
      "provider": "provider[\"registry.terraform.io/hashicorp/aws\"]",
      "instances": [
        {
          "schema_version": 1,
          "attributes": {
            "arn": "arn:aws:ec2:ap-south-1:187926495729:key-pair/validator_key",
            "fingerprint": "24:63:07:33:6b:9d:f2:67:50:9c:77:8e:93:16:f5:a9",
            "id": "validator_key",
            "key_name": "validator_key",
            "key_name_prefix": "",
            "key_pair_id": "key-0356c8448f45712a8",
            "public_key": "ssh-rsa AAAAB3NzaC1yc2EAAAADAQABAAACAQC2NObqerulu1Q9TqjxPMQeRRtyF8RQ2X5hYhNE7NZ6qNrz/FpV87DtZlWgtTmWEJ8Ftm1oVqJfj8ntndqAN491fBd8DkgAdCG6qdm8JF/3ABpWznqNeVU3B5qucD0vqBY4DEcga8uItQkEuuNCL/i75GMd92A+nbvrRFSdqN7oInLnKyNSs2W29JneGspwAvenSn3/IJyMGvtRJfdSkAped6p338VHle53ZF7WzEBdfNIFgF14+YA6BkjMC9QgUYhiqJRwZveCZWwBMygiAiHxL2qyYJ6lLjqvqp+TySVEQqs0gzOJX9dNyG2Ll/up9P+Vlnq2lytV+ETEE+Egk9lyrG1fwtti9Fgu2/d9630bJV9s97R07jf95sNdzA1Gqx+ObJDuNYtF2DldmYl88juSoE30qkx7mdo8H4l6dC7xfhQOUzEyAWrSUFUa/sSqKem5lzWtx3HvY4pGwrxCDKy2XPwN9A6NO8TK29qE/fjzrqTBRvZaYVoA4MibBWHaEQa95lX6wMsa13iPxuHHaVficT0+8uwT8/C0g1pxa3ZJOBTtOBAEWZMPsYMQse4CSyvg4sHU9Hj/8P/ZiIxzBZhht9x1LCfu0d+9AqNv99P+jk+81ya2ZokJ7bKtjhX+q/hQbHsxPWKFfA9HbSrc4cjgfCwNMZ4GbcDyn+XVraS4CQ==",
            "tags": null,
            "tags_all": {}
          },
          "sensitive_attributes": [],
          "private": "eyJzY2hlbWFfdmVyc2lvbiI6IjEifQ==",
          "dependencies": [
            "tls_private_key.validator_private_key"
          ]
        }
      ]
    },
    {
      "mode": "managed",
      "type": "aws_launch_configuration",
      "name": "ecs",
      "provider": "provider[\"registry.terraform.io/hashicorp/aws\"]",
      "instances": [
        {
          "schema_version": 0,
          "attributes": {
            "arn": "arn:aws:autoscaling:ap-south-1:187926495729:launchConfiguration:e3c43b45-f3c2-44a7-9806-1617babb64b4:launchConfigurationName/testnet-cluster",
            "associate_public_ip_address": true,
            "ebs_block_device": [],
            "ebs_optimized": false,
            "enable_monitoring": true,
            "ephemeral_block_device": [],
            "iam_instance_profile": "ecsInstanceRole-testnet",
            "id": "testnet-cluster",
            "image_id": "ami-0315e68b25d073e0c",
            "instance_type": "t2.micro",
            "key_name": "validator_key",
            "metadata_options": [],
            "name": "testnet-cluster",
            "name_prefix": "",
            "placement_tenancy": null,
            "root_block_device": [],
            "security_groups": [
              "sg-02b154920b5c9dfba"
            ],
            "spot_price": "",
            "user_data": "6a3da85c647096c996c982a8fdc3461dc0a78302",
            "user_data_base64": null,
            "vpc_classic_link_id": "",
            "vpc_classic_link_security_groups": null
          },
          "sensitive_attributes": [],
          "private": "bnVsbA==",
          "dependencies": [
            "aws_iam_instance_profile.ecs_instance_profile",
            "aws_iam_role.ecs_instance_role",
            "aws_security_group.ecs_sg",
            "data.aws_ami.ecs",
            "data.aws_iam_policy_document.ecs_instance_assume_role_policy"
          ]
        }
      ]
    },
    {
      "mode": "managed",
      "type": "aws_security_group",
      "name": "ecs_sg",
      "provider": "provider[\"registry.terraform.io/hashicorp/aws\"]",
      "instances": [
        {
          "schema_version": 1,
          "attributes": {
            "arn": "arn:aws:ec2:ap-south-1:187926495729:security-group/sg-02b154920b5c9dfba",
            "description": "Managed by Terraform",
            "egress": [
              {
                "cidr_blocks": [
                  "0.0.0.0/0"
                ],
                "description": "",
                "from_port": 0,
                "ipv6_cidr_blocks": [],
                "prefix_list_ids": [],
                "protocol": "tcp",
                "security_groups": [],
                "self": false,
                "to_port": 65535
              }
            ],
            "id": "sg-02b154920b5c9dfba",
            "ingress": [
              {
                "cidr_blocks": [
                  "0.0.0.0/0"
                ],
                "description": "",
                "from_port": 22,
                "ipv6_cidr_blocks": [],
                "prefix_list_ids": [],
                "protocol": "tcp",
                "security_groups": [],
                "self": false,
                "to_port": 22
              },
              {
                "cidr_blocks": [
                  "0.0.0.0/0"
                ],
                "description": "",
                "from_port": 26656,
                "ipv6_cidr_blocks": [],
                "prefix_list_ids": [],
                "protocol": "tcp",
                "security_groups": [],
                "self": false,
                "to_port": 26656
              },
              {
                "cidr_blocks": [
                  "0.0.0.0/0"
                ],
                "description": "",
                "from_port": 443,
                "ipv6_cidr_blocks": [],
                "prefix_list_ids": [],
                "protocol": "tcp",
                "security_groups": [],
                "self": false,
                "to_port": 443
              }
            ],
            "name": "terraform-20220125093338151800000001",
            "name_prefix": "terraform-",
            "owner_id": "187926495729",
            "revoke_rules_on_delete": false,
            "tags": null,
            "tags_all": {},
            "timeouts": null,
            "vpc_id": "vpc-078fcbb7ad0d5e9f5"
          },
          "sensitive_attributes": [],
          "private": "eyJlMmJmYjczMC1lY2FhLTExZTYtOGY4OC0zNDM2M2JjN2M0YzAiOnsiY3JlYXRlIjo2MDAwMDAwMDAwMDAsImRlbGV0ZSI6OTAwMDAwMDAwMDAwfSwic2NoZW1hX3ZlcnNpb24iOiIxIn0="
        }
      ]
    },
    {
      "mode": "managed",
      "type": "aws_vpc",
      "name": "vpc",
      "provider": "provider[\"registry.terraform.io/hashicorp/aws\"]",
      "instances": [
        {
          "schema_version": 1,
          "attributes": {
            "arn": "arn:aws:ec2:ap-south-1:187926495729:vpc/vpc-00cb8e1b17bbbb50c",
            "assign_generated_ipv6_cidr_block": false,
            "cidr_block": "10.0.0.0/16",
            "default_network_acl_id": "acl-015f3e39162a396cb",
            "default_route_table_id": "rtb-0d77267b9d5ab0041",
            "default_security_group_id": "sg-060e9737349b90a17",
            "dhcp_options_id": "dopt-0f56b23c66a682e7e",
            "enable_classiclink": null,
            "enable_classiclink_dns_support": null,
            "enable_dns_hostnames": true,
            "enable_dns_support": true,
            "id": "vpc-00cb8e1b17bbbb50c",
            "instance_tenancy": "default",
            "ipv4_ipam_pool_id": null,
            "ipv4_netmask_length": null,
            "ipv6_association_id": "",
            "ipv6_cidr_block": "",
            "ipv6_cidr_block_network_border_group": null,
            "ipv6_ipam_pool_id": null,
            "ipv6_netmask_length": null,
            "main_route_table_id": "rtb-0d77267b9d5ab0041",
            "owner_id": "187926495729",
            "tags": {
              "Name": "Terraform VPC"
            },
            "tags_all": {
              "Name": "Terraform VPC"
            }
          },
          "sensitive_attributes": [],
          "private": "eyJzY2hlbWFfdmVyc2lvbiI6IjEifQ=="
        }
      ]
    },
    {
      "mode": "managed",
      "type": "local_file",
      "name": "ssh_key",
      "provider": "provider[\"registry.terraform.io/hashicorp/local\"]",
      "instances": [
        {
          "schema_version": 0,
          "attributes": {
            "content": "-----BEGIN RSA PRIVATE KEY-----\nMIIJKAIBAAKCAgEAtjTm6nq7pbtUPU6o8TzEHkUbchfEUNl+YWITROzWeqja8/xa\nVfOw7WZVoLU5lhCfBbZtaFaiX4/J7Z3agDePdXwXfA5IAHQhuqnZvCRf9wAaVs56\njXlVNwearnA9L6gWOAxHIGvLiLUJBLrjQi/4u+RjHfdgPp2760RUnaje6CJy5ysj\nUrNltvSZ3hrKcAL3p0p9/yCcjBr7USX3UpAKXneqd9/FR5Xud2Re1sxAXXzSBYBd\nePmAOgZIzAvUIFGIYqiUcGb3gmVsATMoIgIh8S9qsmCepS46r6qfk8klREKrNIMz\niV/XTchti5f7qfT/lZZ6tpcrVfhExBPhIJPZcqxtX8LbYvRYLtv3fet9GyVfbPe0\ndO43/ebDXcwNRqsfjmyQ7jWLRdg5XZmJfPI7kqBN9KpMe5naPB+JenQu8X4UDlMx\nMgFq0lBVGv7EqinpuZc1rcdx72OKRsK8Qgystlz8DfQOjTvEytvahP34866kwUb2\nWmFaAODImwVh2hEGveZV+sDLGtd4j8bhx2lX4nE9PvLsE/PwtINacWt2STgU7TgQ\nBFmTD7GDELHuAksr4OLB1PR4//D/2YiMcwWYYbfcdSwn7tHfvQKjb/fT/o5PvNcm\ntmaJCe2yrY4V/qv4UGx7MT1ihXwPR20q3OHI4HwsDTGeBm3A8p/l1a2kuAkCAwEA\nAQKCAgAq0h/6t0FmX7IafmQB3dARdRhQJfnDLnofFNeGeUqmpQxgDsyEKrNH96bk\nD/Mqq1lUFF1+Ce47GyXPrCtvup8Cc1lplEmjoadToRtEth+/gsyt3fS7TuqR9j2K\nBWK70nr2TRxiKDM7O6CU9f72zSNdtPz+S+bYkGVbk0F3k/pe/8mVPnQcuYCMEMwg\ngJdW37uoGz+lN9rSqnypw4xuYN+u99yeM36/piLW+EW5oWL3FaCeHl7ZUXmrKVLu\ncVE3DzJITWolSG2evYs2dPlXlLy5W/VtWnuuQkEUi7rZFoqlki1+N99ix51n8FSe\nW+ePN77hPu4z/y72E1TF6A4eg+C0Rnaqy7m/zsCLwsed1ZKNGB14KHjaO3Z7Mt/7\nfPya7bEbDunNdthlCowv96CImx4ETUIh+AWp3nsEEIZfSZnQeBiZ+ts2ZKYtdpfd\nH05Luhj7tjx0s4x2ViRlVIJrULf98qn04bk+jdwphF0KbZYrAbhal44PHiuXM75L\nLy84wuBpONhKHnsRppESy6OCA+QKpqITebaNS0/eKfNMQ1Ayrwf/11d7fKaFv62L\nTnNdHMNdj90nj6N61oPw1c/BIfiyWgpb8oMHHv3qRtjD8YeUH2aEI/cDwc2xOBXN\nOdTMbAb5IggxPOANYjPWqaEVUvFNWSngtC0i3OWw7Rcg1VhJAQKCAQEAwr9hv2OM\nMYkXzqDxquvpqCzMvtHIJ+SndwOpTzGsUHLHkMX+pTcjWnOXZYX0y+7h30ZgVcJT\np7ckiMUEnFrOgmGCmdljmJso8blQnJMo/1gbh7THv4DxGD6c14uYu1CXLXy8opWQ\nlXpP129d8CqhzF49tBgck1k8m1yP/OBL/xK9O85Kqorx0O9ROG3hYV8g26Nfb/V6\niUBMexRgR+ZyMAGvfKK21jPCpLDBAzacxqcvodl+d3okitLDMtsRyyUXKae4x2Fk\ncC09OOPWfYDU6DWiolUgx6OzItLbpfvZ2p7h2vIJ23NM2i+E9bXu9NuBprJ4QmBI\nqvLGQyH0dm3TcQKCAQEA74PA38o4r1KwNhIGZf3ij3jDS0Bwqsn4CehawBKN2aCQ\neT9xuvsliLBbiAJUy7ygnDkXGnijmvXwmmq1eDSBXCYx6XVOB4jJb4pGymKFHZer\ns/N4Oy6Pa6lZhgEYKZSF7VAv+z1YaeCloBVoO18Ur7ltiRWDLYesx6QbkDpqw9jg\nCNBOeW0ilSJWHQ7H4+cYb4bBw1p53ze+u0sMvaIGDJW0BQl2RCUevXNJu2/mOvHj\nbd9nulgBXLBn2WxAyctpW+X8GtyFGINwpm16Qh6tvO3MPqwoeOArYa2ipFqHu8j5\nZ8tiiU4oRda0DFqV5ispzfEXLXDASW2S3nnqpg8yGQKCAQBxq921JbjVzQxtWjnV\nJ0BKHmQf2Tj4OBmbeTKg/AB1MJnVogvhiY6EJEYxRwA87KFAfsaKKBRGJ7sWbdEk\nJki1h48AmAfvMlmyxhUMX0Ulzdq72kRhPjT7jshjc6LhasfjEBTW3W/4H91shR+S\nqH+qVzOy5AQB6atbj6qn0o/pQZncx6uDYfiFmLqSsmhEOo9mRDTXl7Q/Wp2Jlboh\nHZx28vToTd1kp++ry1PNuVnHBhziXp3XxR6BPUYccAwxw+OCN9i939YNOAqtIye2\nN7WOGIhmMkQg4ycTY3o7pwZg+i4gavhf9CveirAT726b02gY0cEqFSM1TOF2m+Ii\nIjaxAoIBAQDmKKSyKIAaMgp0mxOc9MC+/9wjNxRNenGpC6gRRIMdKwdKDCZ8+JQT\n6uy6IQtdELECDnZeEKme4lFIAdzKWyIn6+gwoHHQGakAT09BcjTawAHWldLmhBJ7\n8au+ctTGOBwOdOz2r/eDHsXptEiKLQ8S4cwZXBvHJ8ZnvhJioVAxTPnUXl/anX4K\n84juuWJqZYr8uPD/ibTtRIM7NZ5TqBvKAh2QbYxBZa5JfTzQKnKCGCllTrY9wg3l\nBPt2WmlTwO1IyxNcuKYJbV1WAIPof9SSZazMWOE3bqshXRqadwhR8omALVhN+1YF\n7pDsAixjlvzAErokB2Iv7WSh92P+GUIZAoIBADTd8UjWzrxd5ZqITuRiEqk0Q6e4\n0gmO6hF26Dy+BzHivtpKFQuzG/HFpx7kMJaSMgN3M5cj064LBu3udUSGcoyuvi4W\n3Fi2UuL8a1+eFFAU2ChYMcfLo9Lx6p2z5JI7+ptRnY3kZmvCKlNtJbGWRqsJDp+E\nGEFM38QckbR5v7rn0v2WlDcrLTfG8pL4xYsIvY3vVV74Nx/GFmKylZYf68uhfqgI\n0B6FFKy7LMP1YKF3+/B5yS/iL4I39rryTcOF4jCaKZT00k4p+hwF7ZlXeSRHrXpb\nTKz1qDxMUiO9S0i3uUmZxJorJyXMqlv7kIeJc+lcm3sr7JznBGpo58dnwb0=\n-----END RSA PRIVATE KEY-----\n",
            "content_base64": null,
            "directory_permission": "0777",
            "file_permission": "0777",
            "filename": "validator_key.pem",
            "id": "7412c5ea4c1105dd894820911fb79749c3218037",
            "sensitive_content": null,
            "source": null
          },
          "sensitive_attributes": [
            [
              {
                "type": "get_attr",
                "value": "content"
              }
            ]
          ],
          "private": "bnVsbA==",
          "dependencies": [
            "tls_private_key.validator_private_key"
          ]
        }
      ]
    },
    {
      "mode": "managed",
      "type": "tls_private_key",
      "name": "validator_private_key",
      "provider": "provider[\"registry.terraform.io/hashicorp/tls\"]",
      "instances": [
        {
          "schema_version": 0,
          "attributes": {
            "algorithm": "RSA",
            "ecdsa_curve": "P224",
            "id": "fb7c17f2a5be8ce8566a712e559cde843c059d7f",
            "private_key_pem": "-----BEGIN RSA PRIVATE KEY-----\nMIIJKAIBAAKCAgEAtjTm6nq7pbtUPU6o8TzEHkUbchfEUNl+YWITROzWeqja8/xa\nVfOw7WZVoLU5lhCfBbZtaFaiX4/J7Z3agDePdXwXfA5IAHQhuqnZvCRf9wAaVs56\njXlVNwearnA9L6gWOAxHIGvLiLUJBLrjQi/4u+RjHfdgPp2760RUnaje6CJy5ysj\nUrNltvSZ3hrKcAL3p0p9/yCcjBr7USX3UpAKXneqd9/FR5Xud2Re1sxAXXzSBYBd\nePmAOgZIzAvUIFGIYqiUcGb3gmVsATMoIgIh8S9qsmCepS46r6qfk8klREKrNIMz\niV/XTchti5f7qfT/lZZ6tpcrVfhExBPhIJPZcqxtX8LbYvRYLtv3fet9GyVfbPe0\ndO43/ebDXcwNRqsfjmyQ7jWLRdg5XZmJfPI7kqBN9KpMe5naPB+JenQu8X4UDlMx\nMgFq0lBVGv7EqinpuZc1rcdx72OKRsK8Qgystlz8DfQOjTvEytvahP34866kwUb2\nWmFaAODImwVh2hEGveZV+sDLGtd4j8bhx2lX4nE9PvLsE/PwtINacWt2STgU7TgQ\nBFmTD7GDELHuAksr4OLB1PR4//D/2YiMcwWYYbfcdSwn7tHfvQKjb/fT/o5PvNcm\ntmaJCe2yrY4V/qv4UGx7MT1ihXwPR20q3OHI4HwsDTGeBm3A8p/l1a2kuAkCAwEA\nAQKCAgAq0h/6t0FmX7IafmQB3dARdRhQJfnDLnofFNeGeUqmpQxgDsyEKrNH96bk\nD/Mqq1lUFF1+Ce47GyXPrCtvup8Cc1lplEmjoadToRtEth+/gsyt3fS7TuqR9j2K\nBWK70nr2TRxiKDM7O6CU9f72zSNdtPz+S+bYkGVbk0F3k/pe/8mVPnQcuYCMEMwg\ngJdW37uoGz+lN9rSqnypw4xuYN+u99yeM36/piLW+EW5oWL3FaCeHl7ZUXmrKVLu\ncVE3DzJITWolSG2evYs2dPlXlLy5W/VtWnuuQkEUi7rZFoqlki1+N99ix51n8FSe\nW+ePN77hPu4z/y72E1TF6A4eg+C0Rnaqy7m/zsCLwsed1ZKNGB14KHjaO3Z7Mt/7\nfPya7bEbDunNdthlCowv96CImx4ETUIh+AWp3nsEEIZfSZnQeBiZ+ts2ZKYtdpfd\nH05Luhj7tjx0s4x2ViRlVIJrULf98qn04bk+jdwphF0KbZYrAbhal44PHiuXM75L\nLy84wuBpONhKHnsRppESy6OCA+QKpqITebaNS0/eKfNMQ1Ayrwf/11d7fKaFv62L\nTnNdHMNdj90nj6N61oPw1c/BIfiyWgpb8oMHHv3qRtjD8YeUH2aEI/cDwc2xOBXN\nOdTMbAb5IggxPOANYjPWqaEVUvFNWSngtC0i3OWw7Rcg1VhJAQKCAQEAwr9hv2OM\nMYkXzqDxquvpqCzMvtHIJ+SndwOpTzGsUHLHkMX+pTcjWnOXZYX0y+7h30ZgVcJT\np7ckiMUEnFrOgmGCmdljmJso8blQnJMo/1gbh7THv4DxGD6c14uYu1CXLXy8opWQ\nlXpP129d8CqhzF49tBgck1k8m1yP/OBL/xK9O85Kqorx0O9ROG3hYV8g26Nfb/V6\niUBMexRgR+ZyMAGvfKK21jPCpLDBAzacxqcvodl+d3okitLDMtsRyyUXKae4x2Fk\ncC09OOPWfYDU6DWiolUgx6OzItLbpfvZ2p7h2vIJ23NM2i+E9bXu9NuBprJ4QmBI\nqvLGQyH0dm3TcQKCAQEA74PA38o4r1KwNhIGZf3ij3jDS0Bwqsn4CehawBKN2aCQ\neT9xuvsliLBbiAJUy7ygnDkXGnijmvXwmmq1eDSBXCYx6XVOB4jJb4pGymKFHZer\ns/N4Oy6Pa6lZhgEYKZSF7VAv+z1YaeCloBVoO18Ur7ltiRWDLYesx6QbkDpqw9jg\nCNBOeW0ilSJWHQ7H4+cYb4bBw1p53ze+u0sMvaIGDJW0BQl2RCUevXNJu2/mOvHj\nbd9nulgBXLBn2WxAyctpW+X8GtyFGINwpm16Qh6tvO3MPqwoeOArYa2ipFqHu8j5\nZ8tiiU4oRda0DFqV5ispzfEXLXDASW2S3nnqpg8yGQKCAQBxq921JbjVzQxtWjnV\nJ0BKHmQf2Tj4OBmbeTKg/AB1MJnVogvhiY6EJEYxRwA87KFAfsaKKBRGJ7sWbdEk\nJki1h48AmAfvMlmyxhUMX0Ulzdq72kRhPjT7jshjc6LhasfjEBTW3W/4H91shR+S\nqH+qVzOy5AQB6atbj6qn0o/pQZncx6uDYfiFmLqSsmhEOo9mRDTXl7Q/Wp2Jlboh\nHZx28vToTd1kp++ry1PNuVnHBhziXp3XxR6BPUYccAwxw+OCN9i939YNOAqtIye2\nN7WOGIhmMkQg4ycTY3o7pwZg+i4gavhf9CveirAT726b02gY0cEqFSM1TOF2m+Ii\nIjaxAoIBAQDmKKSyKIAaMgp0mxOc9MC+/9wjNxRNenGpC6gRRIMdKwdKDCZ8+JQT\n6uy6IQtdELECDnZeEKme4lFIAdzKWyIn6+gwoHHQGakAT09BcjTawAHWldLmhBJ7\n8au+ctTGOBwOdOz2r/eDHsXptEiKLQ8S4cwZXBvHJ8ZnvhJioVAxTPnUXl/anX4K\n84juuWJqZYr8uPD/ibTtRIM7NZ5TqBvKAh2QbYxBZa5JfTzQKnKCGCllTrY9wg3l\nBPt2WmlTwO1IyxNcuKYJbV1WAIPof9SSZazMWOE3bqshXRqadwhR8omALVhN+1YF\n7pDsAixjlvzAErokB2Iv7WSh92P+GUIZAoIBADTd8UjWzrxd5ZqITuRiEqk0Q6e4\n0gmO6hF26Dy+BzHivtpKFQuzG/HFpx7kMJaSMgN3M5cj064LBu3udUSGcoyuvi4W\n3Fi2UuL8a1+eFFAU2ChYMcfLo9Lx6p2z5JI7+ptRnY3kZmvCKlNtJbGWRqsJDp+E\nGEFM38QckbR5v7rn0v2WlDcrLTfG8pL4xYsIvY3vVV74Nx/GFmKylZYf68uhfqgI\n0B6FFKy7LMP1YKF3+/B5yS/iL4I39rryTcOF4jCaKZT00k4p+hwF7ZlXeSRHrXpb\nTKz1qDxMUiO9S0i3uUmZxJorJyXMqlv7kIeJc+lcm3sr7JznBGpo58dnwb0=\n-----END RSA PRIVATE KEY-----\n",
            "public_key_fingerprint_md5": "d1:01:84:7d:a3:9c:0e:f0:8c:ba:87:49:57:3c:be:11",
            "public_key_openssh": "ssh-rsa AAAAB3NzaC1yc2EAAAADAQABAAACAQC2NObqerulu1Q9TqjxPMQeRRtyF8RQ2X5hYhNE7NZ6qNrz/FpV87DtZlWgtTmWEJ8Ftm1oVqJfj8ntndqAN491fBd8DkgAdCG6qdm8JF/3ABpWznqNeVU3B5qucD0vqBY4DEcga8uItQkEuuNCL/i75GMd92A+nbvrRFSdqN7oInLnKyNSs2W29JneGspwAvenSn3/IJyMGvtRJfdSkAped6p338VHle53ZF7WzEBdfNIFgF14+YA6BkjMC9QgUYhiqJRwZveCZWwBMygiAiHxL2qyYJ6lLjqvqp+TySVEQqs0gzOJX9dNyG2Ll/up9P+Vlnq2lytV+ETEE+Egk9lyrG1fwtti9Fgu2/d9630bJV9s97R07jf95sNdzA1Gqx+ObJDuNYtF2DldmYl88juSoE30qkx7mdo8H4l6dC7xfhQOUzEyAWrSUFUa/sSqKem5lzWtx3HvY4pGwrxCDKy2XPwN9A6NO8TK29qE/fjzrqTBRvZaYVoA4MibBWHaEQa95lX6wMsa13iPxuHHaVficT0+8uwT8/C0g1pxa3ZJOBTtOBAEWZMPsYMQse4CSyvg4sHU9Hj/8P/ZiIxzBZhht9x1LCfu0d+9AqNv99P+jk+81ya2ZokJ7bKtjhX+q/hQbHsxPWKFfA9HbSrc4cjgfCwNMZ4GbcDyn+XVraS4CQ==\n",
            "public_key_pem": "-----BEGIN PUBLIC KEY-----\nMIICIjANBgkqhkiG9w0BAQEFAAOCAg8AMIICCgKCAgEAtjTm6nq7pbtUPU6o8TzE\nHkUbchfEUNl+YWITROzWeqja8/xaVfOw7WZVoLU5lhCfBbZtaFaiX4/J7Z3agDeP\ndXwXfA5IAHQhuqnZvCRf9wAaVs56jXlVNwearnA9L6gWOAxHIGvLiLUJBLrjQi/4\nu+RjHfdgPp2760RUnaje6CJy5ysjUrNltvSZ3hrKcAL3p0p9/yCcjBr7USX3UpAK\nXneqd9/FR5Xud2Re1sxAXXzSBYBdePmAOgZIzAvUIFGIYqiUcGb3gmVsATMoIgIh\n8S9qsmCepS46r6qfk8klREKrNIMziV/XTchti5f7qfT/lZZ6tpcrVfhExBPhIJPZ\ncqxtX8LbYvRYLtv3fet9GyVfbPe0dO43/ebDXcwNRqsfjmyQ7jWLRdg5XZmJfPI7\nkqBN9KpMe5naPB+JenQu8X4UDlMxMgFq0lBVGv7EqinpuZc1rcdx72OKRsK8Qgys\ntlz8DfQOjTvEytvahP34866kwUb2WmFaAODImwVh2hEGveZV+sDLGtd4j8bhx2lX\n4nE9PvLsE/PwtINacWt2STgU7TgQBFmTD7GDELHuAksr4OLB1PR4//D/2YiMcwWY\nYbfcdSwn7tHfvQKjb/fT/o5PvNcmtmaJCe2yrY4V/qv4UGx7MT1ihXwPR20q3OHI\n4HwsDTGeBm3A8p/l1a2kuAkCAwEAAQ==\n-----END PUBLIC KEY-----\n",
            "rsa_bits": 4096
          },
          "sensitive_attributes": [],
          "private": "bnVsbA=="
        }
      ]
    }
  ]
}
