{
  "version": 4,
  "terraform_version": "1.1.0",
  "serial": 324,
  "lineage": "79fc5fcb-3357-61ff-d317-8b184b603bd3",
  "outputs": {},
  "resources": [
    {
      "mode": "data",
      "type": "aws_ami",
      "name": "ecs",
      "provider": "provider[\"registry.terraform.io/hashicorp/aws\"]",
      "instances": [
        {
          "schema_version": 0,
          "attributes": {
            "architecture": "x86_64",
            "arn": "arn:aws:ec2:ap-south-1::image/ami-0f49b54df17409f00",
            "block_device_mappings": [
              {
                "device_name": "/dev/xvda",
                "ebs": {
                  "delete_on_termination": "true",
                  "encrypted": "false",
                  "iops": "0",
                  "snapshot_id": "snap-0b3084e2f443b2934",
                  "throughput": "0",
                  "volume_size": "30",
                  "volume_type": "gp2"
                },
                "no_device": "",
                "virtual_name": ""
              }
            ],
            "creation_date": "2021-12-09T19:29:24.000Z",
            "description": "Amazon Linux AMI 2.0.20211209 x86_64 ECS HVM GP2",
            "ena_support": true,
            "executable_users": null,
            "filter": [
              {
                "name": "name",
                "values": [
                  "amzn2-ami-ecs-*"
                ]
              },
              {
                "name": "virtualization-type",
                "values": [
                  "hvm"
                ]
              }
            ],
            "hypervisor": "xen",
            "id": "ami-0f49b54df17409f00",
            "image_id": "ami-0f49b54df17409f00",
            "image_location": "amazon/amzn2-ami-ecs-gpu-hvm-2.0.20211209-x86_64-ebs",
            "image_owner_alias": "amazon",
            "image_type": "machine",
            "kernel_id": null,
            "most_recent": true,
            "name": "amzn2-ami-ecs-gpu-hvm-2.0.20211209-x86_64-ebs",
            "name_regex": null,
            "owner_id": "591542846629",
            "owners": [
              "amazon"
            ],
            "platform": null,
            "platform_details": "Linux/UNIX",
            "product_codes": [],
            "public": true,
            "ramdisk_id": null,
            "root_device_name": "/dev/xvda",
            "root_device_type": "ebs",
            "root_snapshot_id": "snap-0b3084e2f443b2934",
            "sriov_net_support": "simple",
            "state": "available",
            "state_reason": {
              "code": "UNSET",
              "message": "UNSET"
            },
            "tags": {},
            "usage_operation": "RunInstances",
            "virtualization_type": "hvm"
          },
          "sensitive_attributes": []
        }
      ]
    },
    {
      "mode": "data",
      "type": "aws_iam_policy_document",
      "name": "ecs_instance_assume_role_policy",
      "provider": "provider[\"registry.terraform.io/hashicorp/aws\"]",
      "instances": [
        {
          "schema_version": 0,
          "attributes": {
            "id": "1903849331",
            "json": "{\n  \"Version\": \"2012-10-17\",\n  \"Statement\": [\n    {\n      \"Sid\": \"\",\n      \"Effect\": \"Allow\",\n      \"Action\": \"sts:AssumeRole\",\n      \"Principal\": {\n        \"Service\": \"ec2.amazonaws.com\"\n      }\n    }\n  ]\n}",
            "override_json": null,
            "override_policy_documents": null,
            "policy_id": null,
            "source_json": null,
            "source_policy_documents": null,
            "statement": [
              {
                "actions": [
                  "sts:AssumeRole"
                ],
                "condition": [],
                "effect": "Allow",
                "not_actions": [],
                "not_principals": [],
                "not_resources": [],
                "principals": [
                  {
                    "identifiers": [
                      "ec2.amazonaws.com"
                    ],
                    "type": "Service"
                  }
                ],
                "resources": [],
                "sid": ""
              }
            ],
            "version": "2012-10-17"
          },
          "sensitive_attributes": []
        }
      ]
    },
    {
      "mode": "managed",
      "type": "aws_autoscaling_group",
      "name": "ecs-cluster",
      "provider": "provider[\"registry.terraform.io/hashicorp/aws\"]",
      "instances": [
        {
          "schema_version": 0,
          "attributes": {
            "arn": "arn:aws:autoscaling:ap-south-1:187926495729:autoScalingGroup:80f41bb6-6814-4b5a-aaed-3ba6078669c1:autoScalingGroupName/testnet-cluster-auto-scaling-group",
            "availability_zones": [
              "ap-south-1a",
              "ap-south-1b",
              "ap-south-1c"
            ],
            "capacity_rebalance": false,
            "default_cooldown": 300,
            "desired_capacity": 3,
            "enabled_metrics": null,
            "force_delete": false,
            "force_delete_warm_pool": false,
            "health_check_grace_period": 300,
            "health_check_type": "EC2",
            "id": "testnet-cluster-auto-scaling-group",
            "initial_lifecycle_hook": [],
            "instance_refresh": [],
            "launch_configuration": "testnet-cluster",
            "launch_template": [],
            "load_balancers": null,
            "max_instance_lifetime": 0,
            "max_size": 3,
            "metrics_granularity": "1Minute",
            "min_elb_capacity": null,
            "min_size": 3,
            "mixed_instances_policy": [],
            "name": "testnet-cluster-auto-scaling-group",
            "name_prefix": "",
            "placement_group": "",
            "protect_from_scale_in": false,
            "service_linked_role_arn": "arn:aws:iam::187926495729:role/aws-service-role/autoscaling.amazonaws.com/AWSServiceRoleForAutoScaling",
            "suspended_processes": null,
            "tag": [],
            "tags": null,
            "target_group_arns": null,
            "termination_policies": null,
            "timeouts": null,
            "vpc_zone_identifier": [],
            "wait_for_capacity_timeout": "10m",
            "wait_for_elb_capacity": null,
            "warm_pool": []
          },
          "sensitive_attributes": [],
          "private": "eyJlMmJmYjczMC1lY2FhLTExZTYtOGY4OC0zNDM2M2JjN2M0YzAiOnsiZGVsZXRlIjo2MDAwMDAwMDAwMDB9fQ==",
          "dependencies": [
            "aws_iam_instance_profile.ecs_instance_profile",
            "aws_iam_role.ecs_instance_role",
            "aws_launch_configuration.ecs",
            "aws_security_group.ecs_sg",
            "data.aws_ami.ecs",
            "data.aws_iam_policy_document.ecs_instance_assume_role_policy"
          ]
        }
      ]
    },
    {
      "mode": "managed",
      "type": "aws_ecr_repository",
      "name": "one-click-cosmos-testnet-repo",
      "provider": "provider[\"registry.terraform.io/hashicorp/aws\"]",
      "instances": [
        {
          "schema_version": 0,
          "attributes": {
            "arn": "arn:aws:ecr:ap-south-1:187926495729:repository/one-click-cosmos-testnet-repo",
            "encryption_configuration": [
              {
                "encryption_type": "AES256",
                "kms_key": ""
              }
            ],
            "id": "one-click-cosmos-testnet-repo",
            "image_scanning_configuration": [
              {
                "scan_on_push": false
              }
            ],
            "image_tag_mutability": "IMMUTABLE",
            "name": "one-click-cosmos-testnet-repo",
            "registry_id": "187926495729",
            "repository_url": "187926495729.dkr.ecr.ap-south-1.amazonaws.com/one-click-cosmos-testnet-repo",
            "tags": null,
            "tags_all": {},
            "timeouts": null
          },
          "sensitive_attributes": [],
          "private": "eyJlMmJmYjczMC1lY2FhLTExZTYtOGY4OC0zNDM2M2JjN2M0YzAiOnsiZGVsZXRlIjoxMjAwMDAwMDAwMDAwfX0="
        }
      ]
    },
    {
      "mode": "managed",
      "type": "aws_ecr_repository_policy",
      "name": "one-click-cosmos-testnet-policy",
      "provider": "provider[\"registry.terraform.io/hashicorp/aws\"]",
      "instances": [
        {
          "schema_version": 0,
          "attributes": {
            "id": "one-click-cosmos-testnet-repo",
            "policy": "{\"Statement\":[{\"Action\":[\"ecr:BatchCheckLayerAvailability\",\"ecr:BatchGetImage\",\"ecr:CompleteLayerUpload\",\"ecr:GetDownloadUrlForLayer\",\"ecr:GetLifecyclePolicy\",\"ecr:InitiateLayerUpload\",\"ecr:PutImage\",\"ecr:UploadLayerPart\"],\"Effect\":\"Allow\",\"Principal\":\"*\",\"Sid\":\"adds full ecr access to the demo repository\"}],\"Version\":\"2008-10-17\"}",
            "registry_id": "187926495729",
            "repository": "one-click-cosmos-testnet-repo"
          },
          "sensitive_attributes": [],
          "private": "bnVsbA==",
          "dependencies": [
            "aws_ecr_repository.one-click-cosmos-testnet-repo"
          ]
        }
      ]
    },
    {
      "mode": "managed",
      "type": "aws_ecs_cluster",
      "name": "testnet-cluster",
      "provider": "provider[\"registry.terraform.io/hashicorp/aws\"]",
      "instances": [
        {
          "schema_version": 0,
          "attributes": {
            "arn": "arn:aws:ecs:ap-south-1:187926495729:cluster/testnet-cluster",
            "capacity_providers": null,
            "configuration": [],
            "default_capacity_provider_strategy": [],
            "id": "arn:aws:ecs:ap-south-1:187926495729:cluster/testnet-cluster",
            "name": "testnet-cluster",
            "setting": [
              {
                "name": "containerInsights",
                "value": "disabled"
              }
            ],
            "tags": null,
            "tags_all": {}
          },
          "sensitive_attributes": [],
          "private": "bnVsbA=="
        }
      ]
    },
    {
      "mode": "managed",
      "type": "aws_ecs_service",
      "name": "testnet-cluster-service",
      "provider": "provider[\"registry.terraform.io/hashicorp/aws\"]",
      "instances": [
        {
          "schema_version": 0,
          "attributes": {
            "capacity_provider_strategy": [],
            "cluster": "arn:aws:ecs:ap-south-1:187926495729:cluster/testnet-cluster",
            "deployment_circuit_breaker": [
              {
                "enable": false,
                "rollback": false
              }
            ],
            "deployment_controller": [
              {
                "type": "ECS"
              }
            ],
            "deployment_maximum_percent": 200,
            "deployment_minimum_healthy_percent": 100,
            "desired_count": 3,
            "enable_ecs_managed_tags": false,
            "enable_execute_command": false,
            "force_new_deployment": null,
            "health_check_grace_period_seconds": 0,
            "iam_role": null,
            "id": "arn:aws:ecs:ap-south-1:187926495729:service/testnet-cluster/testnet-app",
            "launch_type": "EC2",
            "load_balancer": [],
            "name": "testnet-app",
            "network_configuration": [],
            "ordered_placement_strategy": [],
            "placement_constraints": [],
            "platform_version": "",
            "propagate_tags": "NONE",
            "scheduling_strategy": "REPLICA",
            "service_registries": [],
            "tags": null,
            "tags_all": {},
            "task_definition": "arn:aws:ecs:ap-south-1:187926495729:task-definition/testnet-ecs-task-definition:13",
            "timeouts": null,
            "wait_for_steady_state": false
          },
          "sensitive_attributes": [],
          "private": "eyJlMmJmYjczMC1lY2FhLTExZTYtOGY4OC0zNDM2M2JjN2M0YzAiOnsiZGVsZXRlIjoxMjAwMDAwMDAwMDAwfX0=",
          "dependencies": [
            "aws_ecr_repository.one-click-cosmos-testnet-repo",
            "aws_ecs_cluster.testnet-cluster",
            "aws_ecs_task_definition.testnet-ecs-task-definition"
          ]
        }
      ]
    },
    {
      "mode": "managed",
      "type": "aws_ecs_task_definition",
      "name": "testnet-ecs-task-definition",
      "provider": "provider[\"registry.terraform.io/hashicorp/aws\"]",
      "instances": [
        {
          "schema_version": 1,
          "attributes": {
            "arn": "arn:aws:ecs:ap-south-1:187926495729:task-definition/testnet-ecs-task-definition:13",
            "container_definitions": "[{\"cpu\":128,\"environment\":[],\"essential\":true,\"image\":\"187926495729.dkr.ecr.ap-south-1.amazonaws.com/one-click-cosmos-testnet-repo\",\"memory\":128,\"mountPoints\":[],\"name\":\"testnet-container\",\"portMappings\":[],\"volumesFrom\":[]}]",
            "cpu": "",
            "ephemeral_storage": [],
            "execution_role_arn": "",
            "family": "testnet-ecs-task-definition",
            "id": "testnet-ecs-task-definition",
            "inference_accelerator": [],
            "ipc_mode": "",
            "memory": "500",
            "network_mode": "host",
            "pid_mode": "",
            "placement_constraints": [],
            "proxy_configuration": [],
            "requires_compatibilities": [
              "EC2"
            ],
            "revision": 13,
            "runtime_platform": [],
            "tags": null,
            "tags_all": {},
            "task_role_arn": "",
            "volume": [
              {
                "docker_volume_configuration": [],
                "efs_volume_configuration": [],
                "fsx_windows_file_server_volume_configuration": [],
                "host_path": "/validator-config",
                "name": "validator-config-volume"
              }
            ]
          },
          "sensitive_attributes": [],
          "private": "eyJzY2hlbWFfdmVyc2lvbiI6IjEifQ==",
          "dependencies": [
            "aws_ecr_repository.one-click-cosmos-testnet-repo"
          ]
        }
      ]
    },
    {
      "mode": "managed",
      "type": "aws_iam_instance_profile",
      "name": "ecs_instance_profile",
      "provider": "provider[\"registry.terraform.io/hashicorp/aws\"]",
      "instances": [
        {
          "schema_version": 0,
          "attributes": {
            "arn": "arn:aws:iam::187926495729:instance-profile/ecsInstanceRole-testnet",
            "create_date": "2021-12-22T07:50:20Z",
            "id": "ecsInstanceRole-testnet",
            "name": "ecsInstanceRole-testnet",
            "name_prefix": null,
            "path": "/",
            "role": "ecs-instance-role-testnet",
            "tags": null,
            "tags_all": {},
            "unique_id": "AIPASXQKKYHYTU5MJ5B6V"
          },
          "sensitive_attributes": [],
          "private": "bnVsbA==",
          "dependencies": [
            "aws_iam_role.ecs_instance_role",
            "data.aws_iam_policy_document.ecs_instance_assume_role_policy"
          ]
        }
      ]
    },
    {
      "mode": "managed",
      "type": "aws_iam_role",
      "name": "ecs_instance_role",
      "provider": "provider[\"registry.terraform.io/hashicorp/aws\"]",
      "instances": [
        {
          "schema_version": 0,
          "attributes": {
            "arn": "arn:aws:iam::187926495729:role/ecs-instance-role-testnet",
            "assume_role_policy": "{\"Version\":\"2012-10-17\",\"Statement\":[{\"Sid\":\"\",\"Effect\":\"Allow\",\"Principal\":{\"Service\":\"ec2.amazonaws.com\"},\"Action\":\"sts:AssumeRole\"}]}",
            "create_date": "2021-12-22T07:50:12Z",
            "description": "",
            "force_detach_policies": false,
            "id": "ecs-instance-role-testnet",
            "inline_policy": [
              {
                "name": "",
                "policy": ""
              }
            ],
            "managed_policy_arns": [],
            "max_session_duration": 3600,
            "name": "ecs-instance-role-testnet",
            "name_prefix": "",
            "path": "/",
            "permissions_boundary": null,
            "tags": null,
            "tags_all": {},
            "unique_id": "AROASXQKKYHY6SHOKH5O5"
          },
          "sensitive_attributes": [],
          "private": "bnVsbA==",
          "dependencies": [
            "data.aws_iam_policy_document.ecs_instance_assume_role_policy"
          ]
        }
      ]
    },
    {
      "mode": "managed",
      "type": "aws_iam_role_policy_attachment",
      "name": "ecs_instance_role_policy",
      "provider": "provider[\"registry.terraform.io/hashicorp/aws\"]",
      "instances": [
        {
          "schema_version": 0,
          "attributes": {
            "id": "ecs-instance-role-testnet-20211222075019574600000002",
            "policy_arn": "arn:aws:iam::aws:policy/service-role/AmazonEC2ContainerServiceforEC2Role",
            "role": "ecs-instance-role-testnet"
          },
          "sensitive_attributes": [],
          "private": "bnVsbA==",
          "dependencies": [
            "aws_iam_role.ecs_instance_role",
            "data.aws_iam_policy_document.ecs_instance_assume_role_policy"
          ]
        }
      ]
    },
    {
      "mode": "managed",
      "type": "aws_key_pair",
      "name": "generated_key",
      "provider": "provider[\"registry.terraform.io/hashicorp/aws\"]",
      "instances": [
        {
          "status": "tainted",
          "schema_version": 1,
          "attributes": {
            "arn": "arn:aws:ec2:ap-south-1:187926495729:key-pair/validator_key",
            "fingerprint": "87:83:ad:d0:29:23:a8:06:00:cc:83:cd:11:f0:5f:c5",
            "id": "validator_key",
            "key_name": "validator_key",
            "key_name_prefix": "",
            "key_pair_id": "key-02a4d49b5c33d7a6a",
            "public_key": "ssh-rsa AAAAB3NzaC1yc2EAAAADAQABAAACAQDScIxh7dy+xM240Vn2MG7hjpHdh1xc0Yg8Ey/44FYEDSJfpO0DsxmyW+Tld8CrIgWia3MAUdCBeG65JMSCWuaFpvOzE8Fg60aGIdbf+/t2eZa5YFRiL0r96f2g0lKZnHIvXiyQ5zDXPrC607lqVEy/NNTTOp/aPjHRNuttsh945o8V2jfVFnBrs+v3v5jc6ZT1KGi9nM3AtO+7CokaM3Jh9/WC1zFr4pK1krNWSBxn6Nb1zGfB+JEaOlMpPkY7gLd/Uxb21++Kt1bCGWMVQKObe4D1ZMgjWPRRSjhk6LwxQwa+gGqtxI0NFw/Si5l0SukNLCjJ/um6th0WGUGuRfd/nE7JWvflRVPG/TURWndTlmEVdosXaR1boEtIQ3QWF1B/nupEglTp2PlGdknELXfalia2eu1o2PDsmebd4N0fy95DvrhBOMnKrmZSzB0FPDNMrD4LNkLY7Yj76TXXDeT347FvlLEN210sks75yKt3i3RYQMhxuSo5ilqcfVHnpFGv82Lpp61Qxoma6KDCGZdMrsf9Kyop032ma1cPXWsldqrMbfoxJt2GfRDtdfiKIHqlOMrfAaTosUyqX/E56KUUkv2FKGMQV+d65WkeAAE0HfaO4oJRwxmJXQPirZUkYSEkYBikjetozd5Voi3p0pTwico5aeYI7gnJdWfL6G3qmQ==",
            "tags": null,
            "tags_all": {}
          },
          "sensitive_attributes": [],
          "private": "eyJzY2hlbWFfdmVyc2lvbiI6IjEifQ==",
          "dependencies": [
            "tls_private_key.validator_private_key"
          ]
        }
      ]
    },
    {
      "mode": "managed",
      "type": "aws_launch_configuration",
      "name": "ecs",
      "provider": "provider[\"registry.terraform.io/hashicorp/aws\"]",
      "instances": [
        {
          "schema_version": 0,
          "attributes": {
            "arn": "arn:aws:autoscaling:ap-south-1:187926495729:launchConfiguration:0584870c-72f4-4481-a423-d5d100a333d6:launchConfigurationName/testnet-cluster",
            "associate_public_ip_address": true,
            "ebs_block_device": [],
            "ebs_optimized": false,
            "enable_monitoring": true,
            "ephemeral_block_device": [],
            "iam_instance_profile": "ecsInstanceRole-testnet",
            "id": "testnet-cluster",
            "image_id": "ami-0f49b54df17409f00",
            "instance_type": "t2.micro",
            "key_name": "validator_key",
            "metadata_options": [],
            "name": "testnet-cluster",
            "name_prefix": "",
            "placement_tenancy": null,
            "root_block_device": [],
            "security_groups": [
              "sg-00649d98996fbe8d9"
            ],
            "spot_price": "",
            "user_data": "6a3da85c647096c996c982a8fdc3461dc0a78302",
            "user_data_base64": null,
            "vpc_classic_link_id": "",
            "vpc_classic_link_security_groups": null
          },
          "sensitive_attributes": [],
          "private": "bnVsbA==",
          "dependencies": [
            "aws_iam_instance_profile.ecs_instance_profile",
            "aws_iam_role.ecs_instance_role",
            "aws_security_group.ecs_sg",
            "data.aws_ami.ecs",
            "data.aws_iam_policy_document.ecs_instance_assume_role_policy"
          ]
        }
      ]
    },
    {
      "mode": "managed",
      "type": "aws_security_group",
      "name": "ecs_sg",
      "provider": "provider[\"registry.terraform.io/hashicorp/aws\"]",
      "instances": [
        {
          "schema_version": 1,
          "attributes": {
            "arn": "arn:aws:ec2:ap-south-1:187926495729:security-group/sg-00649d98996fbe8d9",
            "description": "Managed by Terraform",
            "egress": [
              {
                "cidr_blocks": [
                  "0.0.0.0/0"
                ],
                "description": "",
                "from_port": 0,
                "ipv6_cidr_blocks": [],
                "prefix_list_ids": [],
                "protocol": "tcp",
                "security_groups": [],
                "self": false,
                "to_port": 65535
              }
            ],
            "id": "sg-00649d98996fbe8d9",
            "ingress": [
              {
                "cidr_blocks": [
                  "0.0.0.0/0"
                ],
                "description": "",
                "from_port": 22,
                "ipv6_cidr_blocks": [],
                "prefix_list_ids": [],
                "protocol": "tcp",
                "security_groups": [],
                "self": false,
                "to_port": 22
              },
              {
                "cidr_blocks": [
                  "0.0.0.0/0"
                ],
                "description": "",
                "from_port": 26656,
                "ipv6_cidr_blocks": [],
                "prefix_list_ids": [],
                "protocol": "tcp",
                "security_groups": [],
                "self": false,
                "to_port": 26656
              },
              {
                "cidr_blocks": [
                  "0.0.0.0/0"
                ],
                "description": "",
                "from_port": 443,
                "ipv6_cidr_blocks": [],
                "prefix_list_ids": [],
                "protocol": "tcp",
                "security_groups": [],
                "self": false,
                "to_port": 443
              }
            ],
            "name": "terraform-20211222075010867400000001",
            "name_prefix": "terraform-",
            "owner_id": "187926495729",
            "revoke_rules_on_delete": false,
            "tags": null,
            "tags_all": {},
            "timeouts": null,
            "vpc_id": "vpc-078fcbb7ad0d5e9f5"
          },
          "sensitive_attributes": [],
          "private": "eyJlMmJmYjczMC1lY2FhLTExZTYtOGY4OC0zNDM2M2JjN2M0YzAiOnsiY3JlYXRlIjo2MDAwMDAwMDAwMDAsImRlbGV0ZSI6OTAwMDAwMDAwMDAwfSwic2NoZW1hX3ZlcnNpb24iOiIxIn0="
        }
      ]
    },
    {
      "mode": "managed",
      "type": "aws_vpc",
      "name": "vpc",
      "provider": "provider[\"registry.terraform.io/hashicorp/aws\"]",
      "instances": [
        {
          "schema_version": 1,
          "attributes": {
            "arn": "arn:aws:ec2:ap-south-1:187926495729:vpc/vpc-057e0eb98bf599e0d",
            "assign_generated_ipv6_cidr_block": false,
            "cidr_block": "10.0.0.0/16",
            "default_network_acl_id": "acl-0a7b58bbb1d72e164",
            "default_route_table_id": "rtb-05ef9ea1a5944d06d",
            "default_security_group_id": "sg-0682da1f00376167a",
            "dhcp_options_id": "dopt-0f56b23c66a682e7e",
            "enable_classiclink": null,
            "enable_classiclink_dns_support": null,
            "enable_dns_hostnames": true,
            "enable_dns_support": true,
            "id": "vpc-057e0eb98bf599e0d",
            "instance_tenancy": "default",
            "ipv4_ipam_pool_id": null,
            "ipv4_netmask_length": null,
            "ipv6_association_id": "",
            "ipv6_cidr_block": "",
            "ipv6_ipam_pool_id": null,
            "ipv6_netmask_length": null,
            "main_route_table_id": "rtb-05ef9ea1a5944d06d",
            "owner_id": "187926495729",
            "tags": {
              "Name": "Terraform VPC"
            },
            "tags_all": {
              "Name": "Terraform VPC"
            }
          },
          "sensitive_attributes": [],
          "private": "eyJzY2hlbWFfdmVyc2lvbiI6IjEifQ=="
        }
      ]
    },
    {
      "mode": "managed",
      "type": "tls_private_key",
      "name": "validator_private_key",
      "provider": "provider[\"registry.terraform.io/hashicorp/tls\"]",
      "instances": [
        {
          "schema_version": 0,
          "attributes": {
            "algorithm": "RSA",
            "ecdsa_curve": "P224",
            "id": "c8fbcbfd4940958342e30892527b480f362a732b",
            "private_key_pem": "-----BEGIN RSA PRIVATE KEY-----\nMIIJKAIBAAKCAgEA0nCMYe3cvsTNuNFZ9jBu4Y6R3YdcXNGIPBMv+OBWBA0iX6Tt\nA7MZslvk5XfAqyIFomtzAFHQgXhuuSTEglrmhabzsxPBYOtGhiHW3/v7dnmWuWBU\nYi9K/en9oNJSmZxyL14skOcw1z6wutO5alRMvzTU0zqf2j4x0TbrbbIfeOaPFdo3\n1RZwa7Pr97+Y3OmU9ShovZzNwLTvuwqJGjNyYff1gtcxa+KStZKzVkgcZ+jW9cxn\nwfiRGjpTKT5GO4C3f1MW9tfvirdWwhljFUCjm3uA9WTII1j0UUo4ZOi8MUMGvoBq\nrcSNDRcP0ouZdErpDSwoyf7purYdFhlBrkX3f5xOyVr35UVTxv01EVp3U5ZhFXaL\nF2kdW6BLSEN0FhdQf57qRIJU6dj5RnZJxC132pYmtnrtaNjw7Jnm3eDdH8veQ764\nQTjJyq5mUswdBTwzTKw+CzZC2O2I++k11w3k9+Oxb5SxDdtdLJLO+cird4t0WEDI\ncbkqOYpanH1R56RRr/Ni6aetUMaJmuigwhmXTK7H/SsqKdN9pmtXD11rJXaqzG36\nMSbdhn0Q7XX4iiB6pTjK3wGk6LFMql/xOeilFJL9hShjEFfneuVpHgABNB32juKC\nUcMZiV0D4q2VJGEhJGAYpI3raM3eVaIt6dKU8InKOWnmCO4JyXVny+ht6pkCAwEA\nAQKCAgBUZEJH+4XtEyuVFI/JRP8SgYRJnMETkAvcW61/VyfnlATW6mMKesaxWlzf\nETk45/nueryxwh2l7lAo+2+6/w03SA6vIBsK7Q9pNyTeykS77GLfkJwGjAS88xt9\nZRsu8yhviorAyZYym7dwFPxkgc4NV/iJhRcaBJsh1a5wXWB1sbBsCQke8VLAPnVA\n85sv7JSKBFyMvdddkrIZBk6ZLUyPsUrJ39a39zLykhRNY7nQifW6uPBbP32hUQaM\noaa0shfkfcPV1h8AOCoYyOmNWlDCR7Mdtf70/fVsrCEVhqgB8WlA+GrPqOUP/NGh\nk85Ebs4rNCxfZVUCRYpAlHxckT6BOlWt2AbV7qj9z6HixLGptfzb7PEvJXCi4xuU\nDtgrfPmzTMg99GwVll/jVliTl8Yuh3UxjKkpL4WWhCEO3iVhUODB4HL6IsLjPTnr\nD65xRGO5uaGzcqfKzjm7PPPksohwtLKPl+Ug4W6LO79fCuJTM2pYP1t05fAtIe8i\nmlLcETfFm6xk4wohvoJdFsRFEhciGqYEKTPDTpHeCbQJpQUfMObM2Hv+yPAKvoUG\neracZ610nNXHdGbgEwsl8wPvIWCWrCOGtryNb4VU0puXLHwNqDdavWKhV3KVrPdw\npHHPlxqn+u+YhM7w3vo45SQkAHVjdijs9fP8Xdgw55tdlh5eaQKCAQEA5N/3O+jZ\nWo9RQiQ2ekvwqzjlA5MkxZCv2hphu0Hj9SPXddaoAKpyBm6Mx9t72y7gpB1G8NCL\n5vYhOFwSNHsbMvTOqPLtDm1NZ4x6EcucJNLUMtn/cCNNkI54OmRKRUl4+TwhGHFy\nRGbABx8N5NiC+QT4b9EUhG9i673rFTkpqYOM6B3EESSCIiyiWTuRqvw5f5pg/Jp2\nM4jxhcg6EA8wI9pPdTVZHJVTzmFpsAuzC9aaQwDvuwnJNd0/Wt7wiFLHyTEPdvbW\nyQNH9bK8fLHnaiTPGRyPvezjTSscg41JH1zlS6t1CUX8Zexpx7vetwuPdDhBVWCm\n6AHyu9iAagqkowKCAQEA62FCoIXhkfvDC3eJFrZNM14YFI2AsDbam+mlp/em8zGz\nJJ6y2EI0oMDnooJeNvSU5qSmjihqs7D7A829/GiRnivNZnPucCvYY2sYH3fgU5U+\nWV6eqEQnitTm2qPK3Y7SL6R3n/M8EZ7jq1GHOqM53lZnJN+2LoFC89HGBdbzb1Ke\nhSSvndRxwBVmz8lIwqUWFs5mA0Z3sq9oIE/bgZ6K1w02hBHIE30NlcWJvKQ+NdZ5\n8MxABdkMaTphjOnmrDPougleWiyoF7zw/mWnWgR9u8b3g8JOG4AYKqRLyRu1ELEH\nDm40NYn/UCrikSrUQz6wlzZqt6VUIp+Rr6Qqu04rkwKCAQBsxlCvJWQfmRuKbsGB\ncBQKnDijcUw5pSEebAlkwNUBTa5577Ha1yboDaRU2+hKbEYRWWS80LCc7P8u1PtF\n+/gaSKTrQMEPaT0vaGEfkgA8tAJrxJWVCwIzILLdNYri0R9wfHZSMqCXB6pd+BFX\nYNsmVIlqQxkYNAP0fEd8x7UYPlA6hOMJLqu2aDYkaJ47gDInhgxwIUzqAzyeU2Hc\n/groDzpSPy+B2SqCXGOpanYGu1CHZauJ3gXF1sfkfS4d7BHNecaayIed8zRA/lh8\nfuS32pSen6dlIW+J3mJn1z8Ya8MCKpOt+5gQLMK9TXl0z0a3eoD6fbv1ae+d/TBS\ntYo3AoIBAQCkF1HThoISu2jl/Zdcdgqr3NT8vwkPz63nM6OAzW1d7S/uP5R+nukB\niHnzGN+FgEyt3ese/54jVyYnKK9h36RkmDTBT+DR4j8gT/CpP3Dr1Ad7VjNVKu5G\nItYtZjJu8rok7ItYvsEJp7MgI94aSuB019dgJXVkRkjeoUdjms5qtTY9q62iYhBK\n0KC0Cqbmyx/zFkCX1/BqaU41+HYWjuhLs7Jlr9/DdlKaLvQuxnF4JuUrsbiQWxgD\n4+dNzWI6epWr3Awi4S7uHZIER+m7H5Zn6fVzrWm2Uj6Gu7L5qI8566/3p2xORr3u\nrXb1rN39Yx7Iy+7pyCA3Yva1c8U2fvBxAoIBAFWC/mrzHqyd0czRCa7wOtpMygxw\n0i1hO/JPGw2T/5z6x+Q/kHp39gTwQRRDSJ8wDpp9SmghQiP7/qxAJaxlPwk4uHyW\np3Zw+0N19sFFsFPLYrz7o2Iarfo+OZBu6zTBw7XfUNlu+b2x518oWVza/NQL81VC\nWY+COypAx1hK98AGmJgCS9FiaL6b8ThQqqDuDE2O01x0HIjpsolrxYgIgABNE8dE\nOmVAdqXt31ndJmA3bEWL5INvITRjgCC/ituIIPldkHUkqxjgKq0AtAB79AFcrs3F\n0h11Z6IRVUdQ08C4hrD33LjXe/LrCDbiBFyldUMgGdyX6/sFCxqnubJf2OU=\n-----END RSA PRIVATE KEY-----\n",
            "public_key_fingerprint_md5": "cc:b1:cf:93:08:fd:e3:d9:c9:eb:31:8f:64:68:2e:23",
            "public_key_openssh": "ssh-rsa AAAAB3NzaC1yc2EAAAADAQABAAACAQDScIxh7dy+xM240Vn2MG7hjpHdh1xc0Yg8Ey/44FYEDSJfpO0DsxmyW+Tld8CrIgWia3MAUdCBeG65JMSCWuaFpvOzE8Fg60aGIdbf+/t2eZa5YFRiL0r96f2g0lKZnHIvXiyQ5zDXPrC607lqVEy/NNTTOp/aPjHRNuttsh945o8V2jfVFnBrs+v3v5jc6ZT1KGi9nM3AtO+7CokaM3Jh9/WC1zFr4pK1krNWSBxn6Nb1zGfB+JEaOlMpPkY7gLd/Uxb21++Kt1bCGWMVQKObe4D1ZMgjWPRRSjhk6LwxQwa+gGqtxI0NFw/Si5l0SukNLCjJ/um6th0WGUGuRfd/nE7JWvflRVPG/TURWndTlmEVdosXaR1boEtIQ3QWF1B/nupEglTp2PlGdknELXfalia2eu1o2PDsmebd4N0fy95DvrhBOMnKrmZSzB0FPDNMrD4LNkLY7Yj76TXXDeT347FvlLEN210sks75yKt3i3RYQMhxuSo5ilqcfVHnpFGv82Lpp61Qxoma6KDCGZdMrsf9Kyop032ma1cPXWsldqrMbfoxJt2GfRDtdfiKIHqlOMrfAaTosUyqX/E56KUUkv2FKGMQV+d65WkeAAE0HfaO4oJRwxmJXQPirZUkYSEkYBikjetozd5Voi3p0pTwico5aeYI7gnJdWfL6G3qmQ==\n",
            "public_key_pem": "-----BEGIN PUBLIC KEY-----\nMIICIjANBgkqhkiG9w0BAQEFAAOCAg8AMIICCgKCAgEA0nCMYe3cvsTNuNFZ9jBu\n4Y6R3YdcXNGIPBMv+OBWBA0iX6TtA7MZslvk5XfAqyIFomtzAFHQgXhuuSTEglrm\nhabzsxPBYOtGhiHW3/v7dnmWuWBUYi9K/en9oNJSmZxyL14skOcw1z6wutO5alRM\nvzTU0zqf2j4x0TbrbbIfeOaPFdo31RZwa7Pr97+Y3OmU9ShovZzNwLTvuwqJGjNy\nYff1gtcxa+KStZKzVkgcZ+jW9cxnwfiRGjpTKT5GO4C3f1MW9tfvirdWwhljFUCj\nm3uA9WTII1j0UUo4ZOi8MUMGvoBqrcSNDRcP0ouZdErpDSwoyf7purYdFhlBrkX3\nf5xOyVr35UVTxv01EVp3U5ZhFXaLF2kdW6BLSEN0FhdQf57qRIJU6dj5RnZJxC13\n2pYmtnrtaNjw7Jnm3eDdH8veQ764QTjJyq5mUswdBTwzTKw+CzZC2O2I++k11w3k\n9+Oxb5SxDdtdLJLO+cird4t0WEDIcbkqOYpanH1R56RRr/Ni6aetUMaJmuigwhmX\nTK7H/SsqKdN9pmtXD11rJXaqzG36MSbdhn0Q7XX4iiB6pTjK3wGk6LFMql/xOeil\nFJL9hShjEFfneuVpHgABNB32juKCUcMZiV0D4q2VJGEhJGAYpI3raM3eVaIt6dKU\n8InKOWnmCO4JyXVny+ht6pkCAwEAAQ==\n-----END PUBLIC KEY-----\n",
            "rsa_bits": 4096
          },
          "sensitive_attributes": [],
          "private": "bnVsbA=="
        }
      ]
    }
  ]
}
